{"SurveyEntry":{"SurveyID":"SV_bK32gmeI6olQBZr","SurveyName":"Conjoint - Example","SurveyDescription":null,"SurveyOwnerID":"UR_5hjGfqWismddC0l","SurveyBrandID":"lse","DivisionID":"DV_80n0dU9OBOL5kNL","SurveyLanguage":"EN","SurveyActiveResponseSet":"RS_5pEwQHMMUjDrnJH","SurveyStatus":"Inactive","SurveyStartDate":"0000-00-00 00:00:00","SurveyExpirationDate":"0000-00-00 00:00:00","SurveyCreationDate":"2018-02-21 00:49:00","CreatorID":"UR_5hjGfqWismddC0l","LastModified":"2018-02-21 00:54:00","LastAccessed":"0000-00-00 00:00:00","LastActivated":"0000-00-00 00:00:00","Deleted":null},"SurveyElements":[{"SurveyID":"SV_bK32gmeI6olQBZr","Element":"BL","PrimaryAttribute":"Survey Blocks","SecondaryAttribute":null,"TertiaryAttribute":null,"Payload":[{"Type":"Default","Description":"Conjoint Profile 1","ID":"BL_0TVPZiEAiZBfCdf","BlockElements":[{"Type":"Question","QuestionID":"QID3"},{"Type":"Question","QuestionID":"QID5"},{"Type":"Question","QuestionID":"QID4"}],"Options":{"BlockLocking":"false","RandomizeQuestions":"false","Looping":"None","LoopingOptions":null}},{"Type":"Trash","Description":"Trash \/ Unused Questions","ID":"BL_ag9y5H6xUI3OJtH","BlockElements":[]},{"Type":"Standard","SubType":"","Description":"Introduction","ID":"BL_afmfisvHKkQZlm5","BlockElements":[{"Type":"Question","QuestionID":"QID6"},{"Type":"Question","QuestionID":"QID9"},{"Type":"Page Break"},{"Type":"Question","QuestionID":"QID7"},{"Type":"Question","QuestionID":"QID31"},{"Type":"Question","QuestionID":"QID14"},{"Type":"Question","QuestionID":"QID11"}]},{"Type":"Standard","SubType":"","Description":"Conclusion","ID":"BL_9nU1l7au9djjqVn","BlockElements":[{"Type":"Question","QuestionID":"QID8"}]},{"Type":"Standard","SubType":"","Description":"Consent","ID":"BL_00tjdkAguMTC0rX","BlockElements":[{"Type":"Question","QuestionID":"QID12","SkipLogic":[{"SkipLogicID":1,"ChoiceLocator":"q:\/\/QID12\/SelectableChoice\/2","Condition":"Selected","SkipToDestination":"ENDOFSURVEY","Locator":"q:\/\/QID12\/SelectableChoice\/2","SkipToDescription":"<div><span style=\"font-size... <strong>Decline<\/strong> Is <strong>Selected<\/strong>","Description":"If <strong title=\"Decline\">Decline<\/strong> Is <strong>Selected<\/strong>, Then Skip To <strong>End of Survey<\/strong>","QuestionID":"QID12"}]},{"Type":"Question","QuestionID":"QID10"},{"Type":"Question","QuestionID":"QID13"}]},{"Type":"Standard","Description":"Conjoint Profile 2","ID":"BL_3lpt9H1N1ykJuzX","BlockElements":[{"Type":"Question","QuestionID":"QID15"},{"Type":"Question","QuestionID":"QID17"},{"Type":"Question","QuestionID":"QID18"}],"Options":{"BlockLocking":false,"RandomizeQuestions":"false","Looping":"None","LoopingOptions":null}},{"Type":"Standard","Description":"Conjoint Profile 3","ID":"BL_9BtOFh5VkxLERvv","BlockElements":[{"Type":"Question","QuestionID":"QID19"},{"Type":"Question","QuestionID":"QID21"},{"Type":"Question","QuestionID":"QID22"}],"Options":{"BlockLocking":false,"RandomizeQuestions":"false","Looping":"None","LoopingOptions":null}},{"Type":"Standard","Description":"Conjoint Profile 4","ID":"BL_a5CVjKQeJifN8Nv","BlockElements":[{"Type":"Question","QuestionID":"QID23"},{"Type":"Question","QuestionID":"QID25"},{"Type":"Question","QuestionID":"QID26"}],"Options":{"BlockLocking":false,"RandomizeQuestions":"false","Looping":"None","LoopingOptions":null}},{"Type":"Standard","Description":"Conjoint Profile 5","ID":"BL_1FGNVxrdZXe6pxj","BlockElements":[{"Type":"Question","QuestionID":"QID27"},{"Type":"Question","QuestionID":"QID29"},{"Type":"Question","QuestionID":"QID30"}],"Options":{"BlockLocking":false,"RandomizeQuestions":"false","Looping":"None","LoopingOptions":null}}]},{"SurveyID":"SV_bK32gmeI6olQBZr","Element":"FL","PrimaryAttribute":"Survey Flow","SecondaryAttribute":null,"TertiaryAttribute":null,"Payload":{"Type":"Root","FlowID":"FL_1","Flow":[{"Type":"EmbeddedData","FlowID":"FL_6","EmbeddedData":[{"Description":"profileOrder","Type":"Recipient","Field":"profileOrder","VariableType":"Nominal","DataVisibility":[]},{"Description":"traits1a","Type":"Recipient","Field":"traits1a","VariableType":"Nominal","DataVisibility":[]},{"Description":"traits1b","Type":"Recipient","Field":"traits1b","VariableType":"Nominal","DataVisibility":[]},{"Description":"traits2a","Type":"Recipient","Field":"traits2a","VariableType":"Nominal","DataVisibility":[]},{"Description":"traits2b","Type":"Recipient","Field":"traits2b","VariableType":"Nominal","DataVisibility":[]},{"Description":"traits3a","Type":"Recipient","Field":"traits3a","VariableType":"Nominal","DataVisibility":[]},{"Description":"traits3b","Type":"Recipient","Field":"traits3b","VariableType":"Nominal","DataVisibility":[]},{"Description":"traits4a","Type":"Recipient","Field":"traits4a","VariableType":"Nominal","DataVisibility":[]},{"Description":"traits4b","Type":"Recipient","Field":"traits4b","VariableType":"Nominal","DataVisibility":[]},{"Description":"traits5a","Type":"Recipient","Field":"traits5a","VariableType":"Nominal","DataVisibility":[]},{"Description":"traits5b","Type":"Recipient","Field":"traits5b","VariableType":"Nominal","DataVisibility":[]}]},{"Type":"WebService","FlowID":"FL_8","URL":"http:\/\/reporting.qualtrics.com\/projects\/randomNumGen.php","Method":"GET","RequestParams":[{"key":"min","value":"0"},{"key":"max","value":"9999999999"}],"EditBodyParams":[],"Body":[],"ContentType":"application\/x-www-form-urlencoded","Headers":[],"ResponseMap":[{"key":"random","value":"seed1"}],"FireAndForget":false},{"Type":"WebService","FlowID":"FL_10","URL":"http:\/\/reporting.qualtrics.com\/projects\/randomNumGen.php","Method":"GET","RequestParams":[{"key":"min","value":"0"},{"key":"max","value":"9999999999"}],"EditBodyParams":[],"Body":[],"ContentType":"application\/x-www-form-urlencoded","Headers":[],"ResponseMap":[{"key":"random","value":"seed2"}],"FireAndForget":false},{"Type":"WebService","FlowID":"FL_11","URL":"http:\/\/reporting.qualtrics.com\/projects\/randomNumGen.php","Method":"GET","RequestParams":[{"key":"min","value":"0"},{"key":"max","value":"9999999999"}],"EditBodyParams":[],"Body":[],"ContentType":"application\/x-www-form-urlencoded","Headers":[],"ResponseMap":[{"key":"random","value":"seed3"}],"FireAndForget":false},{"Type":"WebService","FlowID":"FL_15","URL":"http:\/\/reporting.qualtrics.com\/projects\/randomNumGen.php","Method":"GET","RequestParams":[{"key":"min","value":"0"},{"key":"max","value":"9999999999"}],"EditBodyParams":[],"Body":[],"ContentType":"application\/x-www-form-urlencoded","Headers":[],"ResponseMap":[{"key":"random","value":"seed4"}],"FireAndForget":false},{"Type":"WebService","FlowID":"FL_12","URL":"http:\/\/reporting.qualtrics.com\/projects\/randomNumGen.php","Method":"GET","RequestParams":[{"key":"min","value":"0"},{"key":"max","value":"9999999999"}],"EditBodyParams":[],"Body":[],"ContentType":"application\/x-www-form-urlencoded","Headers":[],"ResponseMap":[{"key":"random","value":"seed5"}],"FireAndForget":false},{"Type":"Standard","ID":"BL_00tjdkAguMTC0rX","FlowID":"FL_7"},{"Type":"Standard","ID":"BL_afmfisvHKkQZlm5","FlowID":"FL_3"},{"Type":"Block","ID":"BL_0TVPZiEAiZBfCdf","FlowID":"FL_2"},{"Type":"Standard","ID":"BL_3lpt9H1N1ykJuzX","FlowID":"FL_20"},{"Type":"Standard","ID":"BL_9BtOFh5VkxLERvv","FlowID":"FL_21"},{"Type":"Standard","ID":"BL_a5CVjKQeJifN8Nv","FlowID":"FL_22"},{"Type":"Standard","ID":"BL_1FGNVxrdZXe6pxj","FlowID":"FL_23"},{"Type":"Standard","ID":"BL_9nU1l7au9djjqVn","FlowID":"FL_4"}],"Properties":{"Count":23}}},{"SurveyID":"SV_bK32gmeI6olQBZr","Element":"SO","PrimaryAttribute":"Survey Options","SecondaryAttribute":null,"TertiaryAttribute":null,"Payload":{"BackButton":"false","SaveAndContinue":"true","SurveyProtection":"PublicSurvey","BallotBoxStuffingPrevention":"false","NoIndex":"Yes","SecureResponseFiles":"true","SurveyExpiration":null,"SurveyTermination":"Redirect","Header":"","Footer":"","ProgressBarDisplay":"None","PartialData":"+1 week","ValidationMessage":null,"PreviousButton":"  <<  ","NextButton":"  >>  ","SkinLibrary":"Qualtrics","SkinType":"MQ","Skin":"minimal","NewScoring":1,"EOSMessage":"","ShowExportTags":"false","CollectGeoLocation":"false","SurveyTitle":"Online Survey Software | Qualtrics Survey Solutions","SurveyMetaDescription":"Qualtrics sophisticated online survey software solutions make creating online surveys easy. Learn more about Research Suite and get a free account today.","PasswordProtection":"No","AnonymizeResponse":"No","Password":"","RefererCheck":"No","RefererURL":"http:\/\/","EOSMessageLibrary":"","EOSRedirectURL":"http:\/\/dkr1.ssisurveys.com\/projects\/end?rst=1&psid=${e:\/\/Field\/psid}&basic=19005","EmailThankYou":"false","ThankYouEmailMessageLibrary":null,"ThankYouEmailMessage":null,"ValidateMessage":"false","ValidationMessageLibrary":null,"InactiveSurvey":"DefaultMessage","PartialDataCloseAfter":"LastActivity","InactiveMessageLibrary":"","InactiveMessage":"","ActiveResponseSet":null,"AvailableLanguages":{"EN":[]},"libraryId":"","nextButtonMid":"","previousButtonMid":"","headerMid":"","footerMid":"","QuestionsPerPage":"","PageTransition":"None","ExternalCSS":"https:\/\/","CustomStyles":{"errorStyles":{"selector":".Skin .ValidationError","styles":{"color":null,"backgroundColor":null,"borderColor":null}},"errorStylesBG":{"selector":".Skin .HeaderValidationError, .Skin .HeaderValidationError li a","styles":{"color":null,"backgroundColor":null}},"pageStyles":{"selector":"#SurveyEngineBody","styles":{"backgroundColor":null}},"textStyles":{"selector":".SkinInner","styles":{"fontFamily":null,"fontSize":null,"fontWeight":null,"fontStyle":null,"textDecoration":null,"color":null}},"questionStyles":{"selector":".Skin .QuestionText","styles":{"fontFamily":null,"fontSize":null,"fontWeight":null,"fontStyle":null,"textDecoration":null,"color":null}},"choiceStyles":{"selector":".Skin .horizontalbar th.ylabel, .Skin .Matrix table td, .Skin .Matrix table th, .Skin .Matrix table thead th, .Skin .Matrix table thead td, .Skin .PGR .DragAndDrop .Items label, .Skin .QuestionBody ul.ChoiceStructure, .Skin .PGR .DragAndDrop .Group ul, .Skin .PGR .DragAndDrop .Group h2, .Skin .PGR .DragAndDrop .Items ul, .Skin .PGR .DragAndDrop .Items h2, .Skin .DD .QuestionBody table.ChoiceStructure, .Skin .PGR .DragAndDrop .NoColumns td.groupsContainerTd div ul, .Skin .PGR .DragAndDrop .NoColumns td.groupsContainerTd div h2, .Skin .SBS thead th, .Skin .SBS td, .Skin .SBS .Answers td, .Skin .SBS .Answers th, .SBS table.ChoiceStructure, .Skin .horizontalbar thead table.LabelDescriptions tr td, .Skin .horizontalbar thead tr td.NotApplicable, .QuestionBody th, .Skin .QuestionBody .MC .MAVR label, .Skin .QuestionBody .MC .SAVR label, .Skin .SBS thead th, .Skin .SBS td, .Skin .RO .DND ul li, .Skin .reg, .SkinInner .ChoiceStructure, .Skin thead, .Skin .GAP .ChoiceStructure thead th, .Skin .GAP .ChoiceStructure .c4, .Skin .GAP .ChoiceStructure th, .Skin .GAP .ChoiceStructure .WhyText, .SkinInner .ChoiceStructure .LightBG, .Skin .QuestionOuter.Highlight .Inner .reg, .Skin .QuestionOuter.Highlight .Inner .alt, .Skin .QuestionOuter.Highlight .Inner .ReadableAlt       ","styles":{"fontFamily":null,"fontSize":null,"fontWeight":null,"fontStyle":null,"textDecoration":null,"color":null}},"headerStyles":{"selector":".Skin div#Header","styles":{"color":null}},"footerStyles":{"selector":".Skin #Footer","styles":{"color":null}},"questionSeparatorStyles":{"selector":".Skin .Separator","styles":{"backgroundColor":null,"display":null}},"highlightStyles":{"selector":".Skin .QuestionOuter.Highlight .Inner, .Skin .QuestionOuter.Highlight .Inner .reg, .Skin .QuestionOuter.Highlight .Inner .alt, .Skin .QuestionOuter.Highlight .Inner .ReadableAlt","styles":{"backgroundColor":null}},"highlightStylesAlt":{"selector":".Skin .QuestionOuter.Highlight .Inner .ReadableAlt, .Skin .QuestionOuter.Highlight .Inner .LightBG","styles":{"backgroundColor":null}},"textEntryStyles":{"selector":".Skin select, .Skin .InputText","styles":{"color":null}},"borderStyles":{"selector":".Skin .CS .horizontalbar table.sliderGrid tr.xlabel th, .Skin .CS .horizontalbar .ylabel, .Skin .CS .horizontalbar table.sliderGrid tr td.value, .Skin .Slider .horizontalbar table.sliderGrid tr.xlabel th, .Skin .BorderColor, .Skin .DarkBorderColor, .Skin .Slider .horizontalbar table.sliderGrid tr td.value, .Skin thead, .Skin .GAP .ChoiceStructure thead th  ","styles":{"borderColor":null}},"altRowStyles":{"selector":".Skin .ReadableAlt, .Skin .LightBG","styles":{"backgroundColor":null}},"customCSS":null},"HighlightQuestions":"off","ProtectSelectionIds":true}},{"SurveyID":"SV_bK32gmeI6olQBZr","Element":"SCO","PrimaryAttribute":"Scoring","SecondaryAttribute":null,"TertiaryAttribute":null,"Payload":{"ScoringCategories":[],"ScoringCategoryGroups":[],"ScoringSummaryCategory":null,"ScoringSummaryAfterQuestions":0,"ScoringSummaryAfterSurvey":0,"DefaultScoringCategory":null,"AutoScoringCategory":null}},{"SurveyID":"SV_bK32gmeI6olQBZr","Element":"STAT","PrimaryAttribute":"Survey Statistics","SecondaryAttribute":null,"TertiaryAttribute":null,"Payload":{"MobileCompatible":true,"ID":"Survey Statistics"}},{"SurveyID":"SV_bK32gmeI6olQBZr","Element":"QC","PrimaryAttribute":"Survey Question Count","SecondaryAttribute":"31","TertiaryAttribute":null,"Payload":null},{"SurveyID":"SV_bK32gmeI6olQBZr","Element":"SQ","PrimaryAttribute":"QID10","SecondaryAttribute":"Browser Meta Info","TertiaryAttribute":null,"Payload":{"QuestionText":"Browser Meta Info","DefaultChoices":false,"DataExportTag":"meta","QuestionType":"Meta","Selector":"Browser","Configuration":{"QuestionDescriptionOption":"UseText"},"QuestionDescription":"Browser Meta Info","Choices":{"1":{"Display":"Browser","TextEntry":1},"2":{"Display":"Version","TextEntry":1},"3":{"Display":"Operating System","TextEntry":1},"4":{"Display":"Screen Resolution","TextEntry":1},"5":{"Display":"Flash Version","TextEntry":1},"6":{"Display":"Java Support","TextEntry":1},"7":{"Display":"User Agent","TextEntry":1}},"GradingData":[],"Language":[],"QuestionID":"QID10"}},{"SurveyID":"SV_bK32gmeI6olQBZr","Element":"SQ","PrimaryAttribute":"QID3","SecondaryAttribute":"Candidate A Candidate B Age Sex Race Religion Occupation Party Military Service Education The can...","TertiaryAttribute":null,"Payload":{"QuestionText":"<table style=\"width:90%; align:center; margin-left:auto; margin-right:auto; text-align:center; table-layout:fixed;\" cellspacing=\"4\" >\n    <tr>\n        <td style=\"font-weight:bold; font-size:1.25em; font-align:center;\">Candidate A<\/td>\n        <td><\/td>\n        <td style=\"font-weight:bold; font-size:1.25em; font-align:center;\">Candidate B<\/td>\n    <\/tr>\n    <tr>\n        <td id=\"a1\"><\/td>\n        <td style=\"font-weight:bold;\">Age<\/td>\n        <td id=\"b1\"><\/td>\n    <\/tr>\n    <tr>\n        <td id=\"a2\"><\/td>\n        <td style=\"font-weight:bold;\">Sex<\/td>\n        <td id=\"b2\"><\/td>\n    <\/tr>\n    <tr>\n        <td id=\"a3\"><\/td>\n        <td style=\"font-weight:bold;\">Race<\/td>\n        <td id=\"b3\"><\/td>\n    <\/tr>\n    <tr>\n        <td id=\"a4\"><\/td>\n        <td style=\"font-weight:bold;\">Religion<\/td>\n        <td id=\"b4\"><\/td>\n    <\/tr>\n    <tr>\n        <td id=\"a5\"><\/td>\n        <td style=\"font-weight:bold;\">Occupation<\/td>\n        <td id=\"b5\"><\/td>\n    <\/tr>\n    <tr>\n        <td id=\"a6\"><\/td>\n        <td style=\"font-weight:bold;\">Party<\/td>\n        <td id=\"b6\"><\/td>\n    <\/tr>\n    <tr>\n        <td id=\"a7\"><\/td>\n        <td style=\"font-weight:bold;\">Military Service<\/td>\n        <td id=\"b7\"><\/td>\n    <\/tr>\n    <tr>\n        <td id=\"a8\"><\/td>\n        <td style=\"font-weight:bold;\">Education<\/td>\n        <td id=\"b8\"><\/td>\n    <\/tr>\n    <tr>\n        <td><\/td>\n        <td style=\"font-style:italic; text-align:left;\">The candidates have reported opinions on the following issues:<\/td>\n        <td><\/td>\n    <\/tr>\n    <tr>\n        <td id=\"a9\" style=\"vertical-align:top;\"><\/td>\n        <td style=\"font-weight:bold; vertical-align:top;\">Ratification of the Trans-Pacific Partnership (TPP)<\/td>\n        <td id=\"b9\" style=\"vertical-align:top;\"><\/td>\n    <\/tr>\n    <tr>\n        <td id=\"a10\" style=\"vertical-align:top;\"><\/td>\n        <td style=\"font-weight:bold; vertical-align:top;\">Deploying ground troops to combat ISIS<\/td>\n        <td id=\"b10\" style=\"vertical-align:top;\"><\/td>\n    <\/tr>\n    <tr>\n        <td id=\"a11\" style=\"vertical-align:top;\"><\/td>\n        <td style=\"font-weight:bold; vertical-align:top;\">A carbon tax (\"cap and trade\") system for greenhouse gases<\/td>\n        <td id=\"b11\" style=\"vertical-align:top;\"><\/td>\n    <\/tr>\n    <tr>\n        <td id=\"a12\" style=\"vertical-align:top;\"><\/td>\n        <td style=\"font-weight:bold; vertical-align:top;\">Increased taxes on those making over $250,000<\/td>\n        <td id=\"b12\" style=\"vertical-align:top;\"><\/td>\n    <\/tr>\n    <tr>\n        <td id=\"a13\" style=\"vertical-align:top;\"><\/td>\n        <td style=\"font-weight:bold; vertical-align:top;\">Path to citizenship for illegal immigrants brought to US as children<\/td>\n        <td id=\"b13\" style=\"vertical-align:top;\"><\/td>\n    <\/tr>\n<\/table>\n<br \/>\n<span>\n    <p style=\"font-weight:bold;\">Which candidate do you prefer?<\/p>\n<\/span>","QuestionJS":"Qualtrics.SurveyEngine.addOnload(function()\n{\n\t!function(a,b){function c(c,j,k){var n=[];j=1==j?{entropy:!0}:j||{};var s=g(f(j.entropy?[c,i(a)]:null==c?h():c,3),n),t=new d(n),u=function(){for(var a=t.g(m),b=p,c=0;q>a;)a=(a+c)*l,b*=l,c=t.g(1);for(;a>=r;)a\/=2,b\/=2,c>>>=1;return(a+c)\/b};return u.int32=function(){return 0|t.g(4)},u.quick=function(){return t.g(4)\/4294967296},u[\"double\"]=u,g(i(t.S),a),(j.pass||k||function(a,c,d,f){return f&&(f.S&&e(f,t),a.state=function(){return e(t,{})}),d?(b[o]=a,c):a})(u,s,\"global\"in j?j.global:this==b,j.state)}function d(a){var b,c=a.length,d=this,e=0,f=d.i=d.j=0,g=d.S=[];for(c||(a=[c++]);l>e;)g[e]=e++;for(e=0;l>e;e++)g[e]=g[f=s&f+a[e%c]+(b=g[e])],g[f]=b;(d.g=function(a){for(var b,c=0,e=d.i,f=d.j,g=d.S;a--;)b=g[e=s&e+1],c=c*l+g[s&(g[e]=g[f=s&f+b])+(g[f]=b)];return d.i=e,d.j=f,c})(l)}function e(a,b){return b.i=a.i,b.j=a.j,b.S=a.S.slice(),b}function f(a,b){var c,d=[],e=typeof a;if(b&&\"object\"==e)for(c in a)try{d.push(f(a[c],b-1))}catch(g){}return d.length?d:\"string\"==e?a:a+\"\\0\"}function g(a,b){for(var c,d=a+\"\",e=0;e<d.length;)b[s&e]=s&(c^=19*b[s&e])+d.charCodeAt(e++);return i(b)}function h(){try{if(j)return i(j.randomBytes(l));var b=new Uint8Array(l);return(k.crypto||k.msCrypto).getRandomValues(b),i(b)}catch(c){var d=k.navigator,e=d&&d.plugins;return[+new Date,k,e,k.screen,i(a)]}}function i(a){return String.fromCharCode.apply(0,a)}var j,k=this,l=256,m=6,n=52,o=\"random\",p=b.pow(l,m),q=b.pow(2,n),r=2*q,s=l-1;if(b[\"seed\"+o]=c,g(b.random(),a),\"object\"==typeof module&&module.exports){module.exports=c;try{j=require(\"crypto\")}catch(t){}}else\"function\"==typeof define&&define.amd&&define(function(){return c})}([],Math);\n    \n    \/\/ seed random number generator from embedded data fields\n    \/\/ conjoint profile 1\n    Math.seedrandom('${e:\/\/Field\/seed1}');\n    \n    \/\/ Create Variables for Traits associated with each dimension.\n    var vsex = [\"Male\", \"Female\"];\n    var voccupation = [\"State Governor\", \"U.S. Senator\", \"Member of Congress\", \"CEO\"];\n    if (Math.random() >= 0.5) {\n        var vparty = [\"Republican\", \"Democrat\"];\n    } else {\n        var vparty = [\"Democrat\", \"Republican\"];\n    }\n    var vmilitary = [\"Served\", \"Did not serve\"];\n    var veduc = [\"Community college\", \"State university\", \"Small college\", \"Ivy League university\"];\n    var vopinion = [\"Strongly oppose\", \"Moderately oppose\", \"Slightly oppose\", \"Neither Support Nor Oppose\", \"Slightly support\", \"Moderately support\", \"Strongly support\"];\n    \n    \/\/ Functions for setting race and religion approximately proportionately\n    function getRace(){\n      \/\/ 60% non-hispanic white; 15% black; 15% hispanic; 10% asian\n      var n = Math.floor(Math.random()*100);\n      if (n<10) {\n        var out = 3;\n      } else if (n <25) {\n        var out = 2;\n      } else if (n<40) {\n        var out = 1;\n      } else {\n        var out = 0;\n      }\n      var vrace = [\"White\", \"African American\", \"Hispanic\", \"Asian American\"];\n      return vrace[out];\n    }\n    function getReligion(){\n      \/\/ 20% evangelical; 20% mainline; 20% catholic; 10% jewish; 10% muslim; 20% none\n      var n = Math.floor(Math.random()*100);\n      if (n<20) {\n        var out = 5;\n      } else if (n<30) {\n        var out = 4;\n      } else if (n<40) {\n        var out = 3;\n      } else if (n<60) {\n        var out = 2;\n      } else if (n<80) {\n        var out = 1;\n      } else {\n        var out = 0;\n      }\n      var vreligion = [\"Evangelical protestant\", \"Mainline protestant\", \"Catholic\", \"Jewish\", \"Muslim\", \"None\"];\n      return vreligion[out];\n    }\n    \n    \/\/ Use math.random to randomly select traits for each dimension for candidate A\n    traits_a = [(Math.floor(Math.random() * (75 - 35 + 1)) + 35).toString(),\n                vsex[Math.floor(Math.random()*vsex.length)],\n                getRace(),\n                getReligion(),\n                voccupation[Math.floor(Math.random()*voccupation.length)],\n                vparty[0],\n                vmilitary[Math.floor(Math.random()*vmilitary.length)],\n                veduc[Math.floor(Math.random()*veduc.length)],\n                vopinion[Math.floor(Math.random()*vopinion.length)],\n                vopinion[Math.floor(Math.random()*vopinion.length)],\n                vopinion[Math.floor(Math.random()*vopinion.length)],\n                vopinion[Math.floor(Math.random()*vopinion.length)],\n                vopinion[Math.floor(Math.random()*vopinion.length)] ];\n    \n    \/\/ Use math.random to randomly select traits for each dimension for candidate B\n    traits_b = [(Math.floor(Math.random() * (75 - 35 + 1)) + 35).toString(),\n                vsex[Math.floor(Math.random()*vsex.length)],\n                getRace(),\n                getReligion(),\n                voccupation[Math.floor(Math.random()*voccupation.length)],\n                vparty[1],\n                vmilitary[Math.floor(Math.random()*vmilitary.length)],\n                veduc[Math.floor(Math.random()*veduc.length)],\n                vopinion[Math.floor(Math.random()*vopinion.length)],\n                vopinion[Math.floor(Math.random()*vopinion.length)],\n                vopinion[Math.floor(Math.random()*vopinion.length)],\n                vopinion[Math.floor(Math.random()*vopinion.length)],\n                vopinion[Math.floor(Math.random()*vopinion.length)] ];\n    \n    \/\/ Create list of variables to use when setting attributes\n    a_list = [\"a1\",\"a2\",\"a3\",\"a4\",\"a5\",\"a6\",\"a7\",\"a8\",\"a9\",\"a10\",\"a11\",\"a12\",\"a13\"]; \n    b_list = [\"b1\",\"b2\",\"b3\",\"b4\",\"b5\",\"b6\",\"b7\",\"b8\",\"b9\",\"b10\",\"b11\",\"b12\",\"b13\"]; \n\n    \/\/ set html values in conjoint table\n    for(i=0;i<13;i++){\n        document.getElementById(a_list[i]).innerHTML = traits_a[i];\n        document.getElementById(b_list[i]).innerHTML = traits_b[i];\n    }\n    \n    \/\/ store values as embedded data fields\n    Qualtrics.SurveyEngine.setEmbeddedData('traits1a', traits_a.join(\"|\"));\n    Qualtrics.SurveyEngine.setEmbeddedData('traits1b', traits_b.join(\"|\"));\n\n});","DefaultChoices":false,"DataExportTag":"profile1","QuestionID":"QID3","QuestionType":"MC","Selector":"SAHR","SubSelector":"TX","Configuration":{"QuestionDescriptionOption":"UseText","LabelPosition":"BELOW"},"QuestionDescription":"Candidate A Candidate B Age Sex Race Religion Occupation Party Military Service Education The can...","Choices":{"1":{"Display":"Candidate A"},"2":{"Display":"Candidate B"}},"ChoiceOrder":[1,2],"Validation":{"Settings":{"ForceResponse":"OFF","ForceResponseType":"ON","Type":"None"}},"GradingData":[],"Language":[],"DataVisibility":{"Private":false,"Hidden":false}}},{"SurveyID":"SV_bK32gmeI6olQBZr","Element":"SQ","PrimaryAttribute":"QID15","SecondaryAttribute":"Candidate A Candidate B Age Sex Race Religion Occupation Party Military Service Education The can...","TertiaryAttribute":null,"Payload":{"QuestionText":"<table style=\"width:90%; align:center; margin-left:auto; margin-right:auto; text-align:center; table-layout:fixed;\" cellspacing=\"4\" >\n    <tr>\n        <td style=\"font-weight:bold; font-size:1.25em; font-align:center;\">Candidate A<\/td>\n        <td><\/td>\n        <td style=\"font-weight:bold; font-size:1.25em; font-align:center;\">Candidate B<\/td>\n    <\/tr>\n    <tr>\n        <td id=\"a1\"><\/td>\n        <td style=\"font-weight:bold;\">Age<\/td>\n        <td id=\"b1\"><\/td>\n    <\/tr>\n    <tr>\n        <td id=\"a2\"><\/td>\n        <td style=\"font-weight:bold;\">Sex<\/td>\n        <td id=\"b2\"><\/td>\n    <\/tr>\n    <tr>\n        <td id=\"a3\"><\/td>\n        <td style=\"font-weight:bold;\">Race<\/td>\n        <td id=\"b3\"><\/td>\n    <\/tr>\n    <tr>\n        <td id=\"a4\"><\/td>\n        <td style=\"font-weight:bold;\">Religion<\/td>\n        <td id=\"b4\"><\/td>\n    <\/tr>\n    <tr>\n        <td id=\"a5\"><\/td>\n        <td style=\"font-weight:bold;\">Occupation<\/td>\n        <td id=\"b5\"><\/td>\n    <\/tr>\n    <tr>\n        <td id=\"a6\"><\/td>\n        <td style=\"font-weight:bold;\">Party<\/td>\n        <td id=\"b6\"><\/td>\n    <\/tr>\n    <tr>\n        <td id=\"a7\"><\/td>\n        <td style=\"font-weight:bold;\">Military Service<\/td>\n        <td id=\"b7\"><\/td>\n    <\/tr>\n    <tr>\n        <td id=\"a8\"><\/td>\n        <td style=\"font-weight:bold;\">Education<\/td>\n        <td id=\"b8\"><\/td>\n    <\/tr>\n    <tr>\n        <td><\/td>\n        <td style=\"font-style:italic; text-align:left;\">The candidates have reported opinions on the following issues:<\/td>\n        <td><\/td>\n    <\/tr>\n    <tr>\n        <td id=\"a9\" style=\"vertical-align:top;\"><\/td>\n        <td style=\"font-weight:bold; vertical-align:top;\">Ratification of the Trans-Pacific Partnership (TPP)<\/td>\n        <td id=\"b9\" style=\"vertical-align:top;\"><\/td>\n    <\/tr>\n    <tr>\n        <td id=\"a10\" style=\"vertical-align:top;\"><\/td>\n        <td style=\"font-weight:bold; vertical-align:top;\">Deploying ground troops to combat ISIS<\/td>\n        <td id=\"b10\" style=\"vertical-align:top;\"><\/td>\n    <\/tr>\n    <tr>\n        <td id=\"a11\" style=\"vertical-align:top;\"><\/td>\n        <td style=\"font-weight:bold; vertical-align:top;\">A carbon tax (\"cap and trade\") system for greenhouse gases<\/td>\n        <td id=\"b11\" style=\"vertical-align:top;\"><\/td>\n    <\/tr>\n    <tr>\n        <td id=\"a12\" style=\"vertical-align:top;\"><\/td>\n        <td style=\"font-weight:bold; vertical-align:top;\">Increased taxes on those making over $250,000<\/td>\n        <td id=\"b12\" style=\"vertical-align:top;\"><\/td>\n    <\/tr>\n    <tr>\n        <td id=\"a13\" style=\"vertical-align:top;\"><\/td>\n        <td style=\"font-weight:bold; vertical-align:top;\">Path to citizenship for illegal immigrants brought to US as children<\/td>\n        <td id=\"b13\" style=\"vertical-align:top;\"><\/td>\n    <\/tr>\n<\/table>\n<br \/>\n<span>\n    <p style=\"font-weight:bold;\">Which candidate do you prefer?<\/p>\n<\/span>","QuestionJS":"Qualtrics.SurveyEngine.addOnload(function()\n{\n\t!function(a,b){function c(c,j,k){var n=[];j=1==j?{entropy:!0}:j||{};var s=g(f(j.entropy?[c,i(a)]:null==c?h():c,3),n),t=new d(n),u=function(){for(var a=t.g(m),b=p,c=0;q>a;)a=(a+c)*l,b*=l,c=t.g(1);for(;a>=r;)a\/=2,b\/=2,c>>>=1;return(a+c)\/b};return u.int32=function(){return 0|t.g(4)},u.quick=function(){return t.g(4)\/4294967296},u[\"double\"]=u,g(i(t.S),a),(j.pass||k||function(a,c,d,f){return f&&(f.S&&e(f,t),a.state=function(){return e(t,{})}),d?(b[o]=a,c):a})(u,s,\"global\"in j?j.global:this==b,j.state)}function d(a){var b,c=a.length,d=this,e=0,f=d.i=d.j=0,g=d.S=[];for(c||(a=[c++]);l>e;)g[e]=e++;for(e=0;l>e;e++)g[e]=g[f=s&f+a[e%c]+(b=g[e])],g[f]=b;(d.g=function(a){for(var b,c=0,e=d.i,f=d.j,g=d.S;a--;)b=g[e=s&e+1],c=c*l+g[s&(g[e]=g[f=s&f+b])+(g[f]=b)];return d.i=e,d.j=f,c})(l)}function e(a,b){return b.i=a.i,b.j=a.j,b.S=a.S.slice(),b}function f(a,b){var c,d=[],e=typeof a;if(b&&\"object\"==e)for(c in a)try{d.push(f(a[c],b-1))}catch(g){}return d.length?d:\"string\"==e?a:a+\"\\0\"}function g(a,b){for(var c,d=a+\"\",e=0;e<d.length;)b[s&e]=s&(c^=19*b[s&e])+d.charCodeAt(e++);return i(b)}function h(){try{if(j)return i(j.randomBytes(l));var b=new Uint8Array(l);return(k.crypto||k.msCrypto).getRandomValues(b),i(b)}catch(c){var d=k.navigator,e=d&&d.plugins;return[+new Date,k,e,k.screen,i(a)]}}function i(a){return String.fromCharCode.apply(0,a)}var j,k=this,l=256,m=6,n=52,o=\"random\",p=b.pow(l,m),q=b.pow(2,n),r=2*q,s=l-1;if(b[\"seed\"+o]=c,g(b.random(),a),\"object\"==typeof module&&module.exports){module.exports=c;try{j=require(\"crypto\")}catch(t){}}else\"function\"==typeof define&&define.amd&&define(function(){return c})}([],Math);\n    \n    \/\/ seed random number generator from embedded data fields\n    \/\/ conjoint profile 2\n    Math.seedrandom('${e:\/\/Field\/seed2}');\n    \n    \/\/ Create Variables for Traits associated with each dimension.\n    var vsex = [\"Male\", \"Female\"];\n    var voccupation = [\"State Governor\", \"U.S. Senator\", \"Member of Congress\", \"CEO\"];\n    if (Math.random() >= 0.5) {\n        var vparty = [\"Republican\", \"Democrat\"];\n    } else {\n        var vparty = [\"Democrat\", \"Republican\"];\n    }\n    var vmilitary = [\"Served\", \"Did not serve\"];\n    var veduc = [\"Community college\", \"State university\", \"Small college\", \"Ivy League university\"];\n    var vopinion = [\"Strongly oppose\", \"Moderately oppose\", \"Slightly oppose\", \"Neither Support Nor Oppose\", \"Slightly support\", \"Moderately support\", \"Strongly support\"];\n    \n    \/\/ Functions for setting race and religion approximately proportionately\n    function getRace(){\n      \/\/ 60% non-hispanic white; 15% black; 15% hispanic; 10% asian\n      var n = Math.floor(Math.random()*100);\n      if (n<10) {\n        var out = 3;\n      } else if (n <25) {\n        var out = 2;\n      } else if (n<40) {\n        var out = 1;\n      } else {\n        var out = 0;\n      }\n      var vrace = [\"White\", \"African American\", \"Hispanic\", \"Asian American\"];\n      return vrace[out];\n    }\n    function getReligion(){\n      \/\/ 20% evangelical; 20% mainline; 20% catholic; 10% jewish; 10% muslim; 20% none\n      var n = Math.floor(Math.random()*100);\n      if (n<20) {\n        var out = 5;\n      } else if (n<30) {\n        var out = 4;\n      } else if (n<40) {\n        var out = 3;\n      } else if (n<60) {\n        var out = 2;\n      } else if (n<80) {\n        var out = 1;\n      } else {\n        var out = 0;\n      }\n      var vreligion = [\"Evangelical protestant\", \"Mainline protestant\", \"Catholic\", \"Jewish\", \"Muslim\", \"None\"];\n      return vreligion[out];\n    }\n    \n    \/\/ Use math.random to randomly select traits for each dimension for candidate A\n    traits_a = [(Math.floor(Math.random() * (75 - 35 + 1)) + 35).toString(),\n                vsex[Math.floor(Math.random()*vsex.length)],\n                getRace(),\n                getReligion(),\n                voccupation[Math.floor(Math.random()*voccupation.length)],\n                vparty[0],\n                vmilitary[Math.floor(Math.random()*vmilitary.length)],\n                veduc[Math.floor(Math.random()*veduc.length)],\n                vopinion[Math.floor(Math.random()*vopinion.length)],\n                vopinion[Math.floor(Math.random()*vopinion.length)],\n                vopinion[Math.floor(Math.random()*vopinion.length)],\n                vopinion[Math.floor(Math.random()*vopinion.length)],\n                vopinion[Math.floor(Math.random()*vopinion.length)] ];\n    \n    \/\/ Use math.random to randomly select traits for each dimension for candidate B\n    traits_b = [(Math.floor(Math.random() * (75 - 35 + 1)) + 35).toString(),\n                vsex[Math.floor(Math.random()*vsex.length)],\n                getRace(),\n                getReligion(),\n                voccupation[Math.floor(Math.random()*voccupation.length)],\n                vparty[1],\n                vmilitary[Math.floor(Math.random()*vmilitary.length)],\n                veduc[Math.floor(Math.random()*veduc.length)],\n                vopinion[Math.floor(Math.random()*vopinion.length)],\n                vopinion[Math.floor(Math.random()*vopinion.length)],\n                vopinion[Math.floor(Math.random()*vopinion.length)],\n                vopinion[Math.floor(Math.random()*vopinion.length)],\n                vopinion[Math.floor(Math.random()*vopinion.length)] ];\n    \n    \/\/ Create list of variables to use when setting attributes\n    a_list = [\"a1\",\"a2\",\"a3\",\"a4\",\"a5\",\"a6\",\"a7\",\"a8\",\"a9\",\"a10\",\"a11\",\"a12\",\"a13\"]; \n    b_list = [\"b1\",\"b2\",\"b3\",\"b4\",\"b5\",\"b6\",\"b7\",\"b8\",\"b9\",\"b10\",\"b11\",\"b12\",\"b13\"]; \n\n    \/\/ set html values in conjoint table\n    for(i=0;i<13;i++){\n        document.getElementById(a_list[i]).innerHTML = traits_a[i];\n        document.getElementById(b_list[i]).innerHTML = traits_b[i];\n    }\n    \n    \/\/ store values as embedded data fields\n    Qualtrics.SurveyEngine.setEmbeddedData('traits2a', traits_a.join(\"|\"));\n    Qualtrics.SurveyEngine.setEmbeddedData('traits2b', traits_b.join(\"|\"));\n\n});","DefaultChoices":false,"DataExportTag":"profile2","QuestionID":"QID15","QuestionType":"MC","Selector":"SAHR","SubSelector":"TX","Configuration":{"QuestionDescriptionOption":"UseText","LabelPosition":"BELOW"},"QuestionDescription":"Candidate A Candidate B Age Sex Race Religion Occupation Party Military Service Education The can...","Choices":{"1":{"Display":"Candidate A"},"2":{"Display":"Candidate B"}},"ChoiceOrder":[1,2],"Validation":{"Settings":{"ForceResponse":"OFF","ForceResponseType":"ON","Type":"None"}},"GradingData":[],"Language":[],"DataVisibility":{"Private":false,"Hidden":false}}},{"SurveyID":"SV_bK32gmeI6olQBZr","Element":"SQ","PrimaryAttribute":"QID19","SecondaryAttribute":"Candidate A Candidate B Age Sex Race Religion Occupation Party Military Service Education The can...","TertiaryAttribute":null,"Payload":{"QuestionText":"<table style=\"width:90%; align:center; margin-left:auto; margin-right:auto; text-align:center; table-layout:fixed;\" cellspacing=\"4\" >\n    <tr>\n        <td style=\"font-weight:bold; font-size:1.25em; font-align:center;\">Candidate A<\/td>\n        <td><\/td>\n        <td style=\"font-weight:bold; font-size:1.25em; font-align:center;\">Candidate B<\/td>\n    <\/tr>\n    <tr>\n        <td id=\"a1\"><\/td>\n        <td style=\"font-weight:bold;\">Age<\/td>\n        <td id=\"b1\"><\/td>\n    <\/tr>\n    <tr>\n        <td id=\"a2\"><\/td>\n        <td style=\"font-weight:bold;\">Sex<\/td>\n        <td id=\"b2\"><\/td>\n    <\/tr>\n    <tr>\n        <td id=\"a3\"><\/td>\n        <td style=\"font-weight:bold;\">Race<\/td>\n        <td id=\"b3\"><\/td>\n    <\/tr>\n    <tr>\n        <td id=\"a4\"><\/td>\n        <td style=\"font-weight:bold;\">Religion<\/td>\n        <td id=\"b4\"><\/td>\n    <\/tr>\n    <tr>\n        <td id=\"a5\"><\/td>\n        <td style=\"font-weight:bold;\">Occupation<\/td>\n        <td id=\"b5\"><\/td>\n    <\/tr>\n    <tr>\n        <td id=\"a6\"><\/td>\n        <td style=\"font-weight:bold;\">Party<\/td>\n        <td id=\"b6\"><\/td>\n    <\/tr>\n    <tr>\n        <td id=\"a7\"><\/td>\n        <td style=\"font-weight:bold;\">Military Service<\/td>\n        <td id=\"b7\"><\/td>\n    <\/tr>\n    <tr>\n        <td id=\"a8\"><\/td>\n        <td style=\"font-weight:bold;\">Education<\/td>\n        <td id=\"b8\"><\/td>\n    <\/tr>\n    <tr>\n        <td><\/td>\n        <td style=\"font-style:italic; text-align:left;\">The candidates have reported opinions on the following issues:<\/td>\n        <td><\/td>\n    <\/tr>\n    <tr>\n        <td id=\"a9\" style=\"vertical-align:top;\"><\/td>\n        <td style=\"font-weight:bold; vertical-align:top;\">Ratification of the Trans-Pacific Partnership (TPP)<\/td>\n        <td id=\"b9\" style=\"vertical-align:top;\"><\/td>\n    <\/tr>\n    <tr>\n        <td id=\"a10\" style=\"vertical-align:top;\"><\/td>\n        <td style=\"font-weight:bold; vertical-align:top;\">Deploying ground troops to combat ISIS<\/td>\n        <td id=\"b10\" style=\"vertical-align:top;\"><\/td>\n    <\/tr>\n    <tr>\n        <td id=\"a11\" style=\"vertical-align:top;\"><\/td>\n        <td style=\"font-weight:bold; vertical-align:top;\">A carbon tax (\"cap and trade\") system for greenhouse gases<\/td>\n        <td id=\"b11\" style=\"vertical-align:top;\"><\/td>\n    <\/tr>\n    <tr>\n        <td id=\"a12\" style=\"vertical-align:top;\"><\/td>\n        <td style=\"font-weight:bold; vertical-align:top;\">Increased taxes on those making over $250,000<\/td>\n        <td id=\"b12\" style=\"vertical-align:top;\"><\/td>\n    <\/tr>\n    <tr>\n        <td id=\"a13\" style=\"vertical-align:top;\"><\/td>\n        <td style=\"font-weight:bold; vertical-align:top;\">Path to citizenship for illegal immigrants brought to US as children<\/td>\n        <td id=\"b13\" style=\"vertical-align:top;\"><\/td>\n    <\/tr>\n<\/table>\n<br \/>\n<span>\n    <p style=\"font-weight:bold;\">Which candidate do you prefer?<\/p>\n<\/span>","QuestionJS":"Qualtrics.SurveyEngine.addOnload(function()\n{\n\t!function(a,b){function c(c,j,k){var n=[];j=1==j?{entropy:!0}:j||{};var s=g(f(j.entropy?[c,i(a)]:null==c?h():c,3),n),t=new d(n),u=function(){for(var a=t.g(m),b=p,c=0;q>a;)a=(a+c)*l,b*=l,c=t.g(1);for(;a>=r;)a\/=2,b\/=2,c>>>=1;return(a+c)\/b};return u.int32=function(){return 0|t.g(4)},u.quick=function(){return t.g(4)\/4294967296},u[\"double\"]=u,g(i(t.S),a),(j.pass||k||function(a,c,d,f){return f&&(f.S&&e(f,t),a.state=function(){return e(t,{})}),d?(b[o]=a,c):a})(u,s,\"global\"in j?j.global:this==b,j.state)}function d(a){var b,c=a.length,d=this,e=0,f=d.i=d.j=0,g=d.S=[];for(c||(a=[c++]);l>e;)g[e]=e++;for(e=0;l>e;e++)g[e]=g[f=s&f+a[e%c]+(b=g[e])],g[f]=b;(d.g=function(a){for(var b,c=0,e=d.i,f=d.j,g=d.S;a--;)b=g[e=s&e+1],c=c*l+g[s&(g[e]=g[f=s&f+b])+(g[f]=b)];return d.i=e,d.j=f,c})(l)}function e(a,b){return b.i=a.i,b.j=a.j,b.S=a.S.slice(),b}function f(a,b){var c,d=[],e=typeof a;if(b&&\"object\"==e)for(c in a)try{d.push(f(a[c],b-1))}catch(g){}return d.length?d:\"string\"==e?a:a+\"\\0\"}function g(a,b){for(var c,d=a+\"\",e=0;e<d.length;)b[s&e]=s&(c^=19*b[s&e])+d.charCodeAt(e++);return i(b)}function h(){try{if(j)return i(j.randomBytes(l));var b=new Uint8Array(l);return(k.crypto||k.msCrypto).getRandomValues(b),i(b)}catch(c){var d=k.navigator,e=d&&d.plugins;return[+new Date,k,e,k.screen,i(a)]}}function i(a){return String.fromCharCode.apply(0,a)}var j,k=this,l=256,m=6,n=52,o=\"random\",p=b.pow(l,m),q=b.pow(2,n),r=2*q,s=l-1;if(b[\"seed\"+o]=c,g(b.random(),a),\"object\"==typeof module&&module.exports){module.exports=c;try{j=require(\"crypto\")}catch(t){}}else\"function\"==typeof define&&define.amd&&define(function(){return c})}([],Math);\n    \n    \/\/ seed random number generator from embedded data fields\n    \/\/ conjoint profile 3\n    Math.seedrandom('${e:\/\/Field\/seed3}');\n    \n    \/\/ Create Variables for Traits associated with each dimension.\n    var vsex = [\"Male\", \"Female\"];\n    var voccupation = [\"State Governor\", \"U.S. Senator\", \"Member of Congress\", \"CEO\"];\n    if (Math.random() >= 0.5) {\n        var vparty = [\"Republican\", \"Democrat\"];\n    } else {\n        var vparty = [\"Democrat\", \"Republican\"];\n    }\n    var vmilitary = [\"Served\", \"Did not serve\"];\n    var veduc = [\"Community college\", \"State university\", \"Small college\", \"Ivy League university\"];\n    var vopinion = [\"Strongly oppose\", \"Moderately oppose\", \"Slightly oppose\", \"Neither Support Nor Oppose\", \"Slightly support\", \"Moderately support\", \"Strongly support\"];\n    \n    \/\/ Functions for setting race and religion approximately proportionately\n    function getRace(){\n      \/\/ 60% non-hispanic white; 15% black; 15% hispanic; 10% asian\n      var n = Math.floor(Math.random()*100);\n      if (n<10) {\n        var out = 3;\n      } else if (n <25) {\n        var out = 2;\n      } else if (n<40) {\n        var out = 1;\n      } else {\n        var out = 0;\n      }\n      var vrace = [\"White\", \"African American\", \"Hispanic\", \"Asian American\"];\n      return vrace[out];\n    }\n    function getReligion(){\n      \/\/ 20% evangelical; 20% mainline; 20% catholic; 10% jewish; 10% muslim; 20% none\n      var n = Math.floor(Math.random()*100);\n      if (n<20) {\n        var out = 5;\n      } else if (n<30) {\n        var out = 4;\n      } else if (n<40) {\n        var out = 3;\n      } else if (n<60) {\n        var out = 2;\n      } else if (n<80) {\n        var out = 1;\n      } else {\n        var out = 0;\n      }\n      var vreligion = [\"Evangelical protestant\", \"Mainline protestant\", \"Catholic\", \"Jewish\", \"Muslim\", \"None\"];\n      return vreligion[out];\n    }\n    \n    \/\/ Use math.random to randomly select traits for each dimension for candidate A\n    traits_a = [(Math.floor(Math.random() * (75 - 35 + 1)) + 35).toString(),\n                vsex[Math.floor(Math.random()*vsex.length)],\n                getRace(),\n                getReligion(),\n                voccupation[Math.floor(Math.random()*voccupation.length)],\n                vparty[0],\n                vmilitary[Math.floor(Math.random()*vmilitary.length)],\n                veduc[Math.floor(Math.random()*veduc.length)],\n                vopinion[Math.floor(Math.random()*vopinion.length)],\n                vopinion[Math.floor(Math.random()*vopinion.length)],\n                vopinion[Math.floor(Math.random()*vopinion.length)],\n                vopinion[Math.floor(Math.random()*vopinion.length)],\n                vopinion[Math.floor(Math.random()*vopinion.length)] ];\n    \n    \/\/ Use math.random to randomly select traits for each dimension for candidate B\n    traits_b = [(Math.floor(Math.random() * (75 - 35 + 1)) + 35).toString(),\n                vsex[Math.floor(Math.random()*vsex.length)],\n                getRace(),\n                getReligion(),\n                voccupation[Math.floor(Math.random()*voccupation.length)],\n                vparty[1],\n                vmilitary[Math.floor(Math.random()*vmilitary.length)],\n                veduc[Math.floor(Math.random()*veduc.length)],\n                vopinion[Math.floor(Math.random()*vopinion.length)],\n                vopinion[Math.floor(Math.random()*vopinion.length)],\n                vopinion[Math.floor(Math.random()*vopinion.length)],\n                vopinion[Math.floor(Math.random()*vopinion.length)],\n                vopinion[Math.floor(Math.random()*vopinion.length)] ];\n    \n    \/\/ Create list of variables to use when setting attributes\n    a_list = [\"a1\",\"a2\",\"a3\",\"a4\",\"a5\",\"a6\",\"a7\",\"a8\",\"a9\",\"a10\",\"a11\",\"a12\",\"a13\"]; \n    b_list = [\"b1\",\"b2\",\"b3\",\"b4\",\"b5\",\"b6\",\"b7\",\"b8\",\"b9\",\"b10\",\"b11\",\"b12\",\"b13\"]; \n\n    \/\/ set html values in conjoint table\n    for(i=0;i<13;i++){\n        document.getElementById(a_list[i]).innerHTML = traits_a[i];\n        document.getElementById(b_list[i]).innerHTML = traits_b[i];\n    }\n    \n    \/\/ store values as embedded data fields\n    Qualtrics.SurveyEngine.setEmbeddedData('traits3a', traits_a.join(\"|\"));\n    Qualtrics.SurveyEngine.setEmbeddedData('traits3b', traits_b.join(\"|\"));\n    \n});","DefaultChoices":false,"DataExportTag":"profile3","QuestionID":"QID19","QuestionType":"MC","Selector":"SAHR","SubSelector":"TX","Configuration":{"QuestionDescriptionOption":"UseText","LabelPosition":"BELOW"},"QuestionDescription":"Candidate A Candidate B Age Sex Race Religion Occupation Party Military Service Education The can...","Choices":{"1":{"Display":"Candidate A"},"2":{"Display":"Candidate B"}},"ChoiceOrder":[1,2],"Validation":{"Settings":{"ForceResponse":"OFF","ForceResponseType":"ON","Type":"None"}},"GradingData":[],"Language":[],"DataVisibility":{"Private":false,"Hidden":false}}},{"SurveyID":"SV_bK32gmeI6olQBZr","Element":"SQ","PrimaryAttribute":"QID23","SecondaryAttribute":"Candidate A Candidate B Age Sex Race Religion Occupation Party Military Service Education The can...","TertiaryAttribute":null,"Payload":{"QuestionText":"<table style=\"width:90%; align:center; margin-left:auto; margin-right:auto; text-align:center; table-layout:fixed;\" cellspacing=\"4\" >\n    <tr>\n        <td style=\"font-weight:bold; font-size:1.25em; font-align:center;\">Candidate A<\/td>\n        <td><\/td>\n        <td style=\"font-weight:bold; font-size:1.25em; font-align:center;\">Candidate B<\/td>\n    <\/tr>\n    <tr>\n        <td id=\"a1\"><\/td>\n        <td style=\"font-weight:bold;\">Age<\/td>\n        <td id=\"b1\"><\/td>\n    <\/tr>\n    <tr>\n        <td id=\"a2\"><\/td>\n        <td style=\"font-weight:bold;\">Sex<\/td>\n        <td id=\"b2\"><\/td>\n    <\/tr>\n    <tr>\n        <td id=\"a3\"><\/td>\n        <td style=\"font-weight:bold;\">Race<\/td>\n        <td id=\"b3\"><\/td>\n    <\/tr>\n    <tr>\n        <td id=\"a4\"><\/td>\n        <td style=\"font-weight:bold;\">Religion<\/td>\n        <td id=\"b4\"><\/td>\n    <\/tr>\n    <tr>\n        <td id=\"a5\"><\/td>\n        <td style=\"font-weight:bold;\">Occupation<\/td>\n        <td id=\"b5\"><\/td>\n    <\/tr>\n    <tr>\n        <td id=\"a6\"><\/td>\n        <td style=\"font-weight:bold;\">Party<\/td>\n        <td id=\"b6\"><\/td>\n    <\/tr>\n    <tr>\n        <td id=\"a7\"><\/td>\n        <td style=\"font-weight:bold;\">Military Service<\/td>\n        <td id=\"b7\"><\/td>\n    <\/tr>\n    <tr>\n        <td id=\"a8\"><\/td>\n        <td style=\"font-weight:bold;\">Education<\/td>\n        <td id=\"b8\"><\/td>\n    <\/tr>\n    <tr>\n        <td><\/td>\n        <td style=\"font-style:italic; text-align:left;\">The candidates have reported opinions on the following issues:<\/td>\n        <td><\/td>\n    <\/tr>\n    <tr>\n        <td id=\"a9\" style=\"vertical-align:top;\"><\/td>\n        <td style=\"font-weight:bold; vertical-align:top;\">Ratification of the Trans-Pacific Partnership (TPP)<\/td>\n        <td id=\"b9\" style=\"vertical-align:top;\"><\/td>\n    <\/tr>\n    <tr>\n        <td id=\"a10\" style=\"vertical-align:top;\"><\/td>\n        <td style=\"font-weight:bold; vertical-align:top;\">Deploying ground troops to combat ISIS<\/td>\n        <td id=\"b10\" style=\"vertical-align:top;\"><\/td>\n    <\/tr>\n    <tr>\n        <td id=\"a11\" style=\"vertical-align:top;\"><\/td>\n        <td style=\"font-weight:bold; vertical-align:top;\">A carbon tax (\"cap and trade\") system for greenhouse gases<\/td>\n        <td id=\"b11\" style=\"vertical-align:top;\"><\/td>\n    <\/tr>\n    <tr>\n        <td id=\"a12\" style=\"vertical-align:top;\"><\/td>\n        <td style=\"font-weight:bold; vertical-align:top;\">Increased taxes on those making over $250,000<\/td>\n        <td id=\"b12\" style=\"vertical-align:top;\"><\/td>\n    <\/tr>\n    <tr>\n        <td id=\"a13\" style=\"vertical-align:top;\"><\/td>\n        <td style=\"font-weight:bold; vertical-align:top;\">Path to citizenship for illegal immigrants brought to US as children<\/td>\n        <td id=\"b13\" style=\"vertical-align:top;\"><\/td>\n    <\/tr>\n<\/table>\n<br \/>\n<span>\n    <p style=\"font-weight:bold;\">Which candidate do you prefer?<\/p>\n<\/span>","QuestionJS":"Qualtrics.SurveyEngine.addOnload(function()\n{\n\t!function(a,b){function c(c,j,k){var n=[];j=1==j?{entropy:!0}:j||{};var s=g(f(j.entropy?[c,i(a)]:null==c?h():c,3),n),t=new d(n),u=function(){for(var a=t.g(m),b=p,c=0;q>a;)a=(a+c)*l,b*=l,c=t.g(1);for(;a>=r;)a\/=2,b\/=2,c>>>=1;return(a+c)\/b};return u.int32=function(){return 0|t.g(4)},u.quick=function(){return t.g(4)\/4294967296},u[\"double\"]=u,g(i(t.S),a),(j.pass||k||function(a,c,d,f){return f&&(f.S&&e(f,t),a.state=function(){return e(t,{})}),d?(b[o]=a,c):a})(u,s,\"global\"in j?j.global:this==b,j.state)}function d(a){var b,c=a.length,d=this,e=0,f=d.i=d.j=0,g=d.S=[];for(c||(a=[c++]);l>e;)g[e]=e++;for(e=0;l>e;e++)g[e]=g[f=s&f+a[e%c]+(b=g[e])],g[f]=b;(d.g=function(a){for(var b,c=0,e=d.i,f=d.j,g=d.S;a--;)b=g[e=s&e+1],c=c*l+g[s&(g[e]=g[f=s&f+b])+(g[f]=b)];return d.i=e,d.j=f,c})(l)}function e(a,b){return b.i=a.i,b.j=a.j,b.S=a.S.slice(),b}function f(a,b){var c,d=[],e=typeof a;if(b&&\"object\"==e)for(c in a)try{d.push(f(a[c],b-1))}catch(g){}return d.length?d:\"string\"==e?a:a+\"\\0\"}function g(a,b){for(var c,d=a+\"\",e=0;e<d.length;)b[s&e]=s&(c^=19*b[s&e])+d.charCodeAt(e++);return i(b)}function h(){try{if(j)return i(j.randomBytes(l));var b=new Uint8Array(l);return(k.crypto||k.msCrypto).getRandomValues(b),i(b)}catch(c){var d=k.navigator,e=d&&d.plugins;return[+new Date,k,e,k.screen,i(a)]}}function i(a){return String.fromCharCode.apply(0,a)}var j,k=this,l=256,m=6,n=52,o=\"random\",p=b.pow(l,m),q=b.pow(2,n),r=2*q,s=l-1;if(b[\"seed\"+o]=c,g(b.random(),a),\"object\"==typeof module&&module.exports){module.exports=c;try{j=require(\"crypto\")}catch(t){}}else\"function\"==typeof define&&define.amd&&define(function(){return c})}([],Math);\n    \n    \/\/ seed random number generator from embedded data fields\n    \/\/ conjoint profile 4\n    Math.seedrandom('${e:\/\/Field\/seed4}');\n    \n    \/\/ Create Variables for Traits associated with each dimension.\n    var vsex = [\"Male\", \"Female\"];\n    var voccupation = [\"State Governor\", \"U.S. Senator\", \"Member of Congress\", \"CEO\"];\n    if (Math.random() >= 0.5) {\n        var vparty = [\"Republican\", \"Democrat\"];\n    } else {\n        var vparty = [\"Democrat\", \"Republican\"];\n    }\n    var vmilitary = [\"Served\", \"Did not serve\"];\n    var veduc = [\"Community college\", \"State university\", \"Small college\", \"Ivy League university\"];\n    var vopinion = [\"Strongly oppose\", \"Moderately oppose\", \"Slightly oppose\", \"Neither Support Nor Oppose\", \"Slightly support\", \"Moderately support\", \"Strongly support\"];\n    \n    \/\/ Functions for setting race and religion approximately proportionately\n    function getRace(){\n      \/\/ 60% non-hispanic white; 15% black; 15% hispanic; 10% asian\n      var n = Math.floor(Math.random()*100);\n      if (n<10) {\n        var out = 3;\n      } else if (n <25) {\n        var out = 2;\n      } else if (n<40) {\n        var out = 1;\n      } else {\n        var out = 0;\n      }\n      var vrace = [\"White\", \"African American\", \"Hispanic\", \"Asian American\"];\n      return vrace[out];\n    }\n    function getReligion(){\n      \/\/ 20% evangelical; 20% mainline; 20% catholic; 10% jewish; 10% muslim; 20% none\n      var n = Math.floor(Math.random()*100);\n      if (n<20) {\n        var out = 5;\n      } else if (n<30) {\n        var out = 4;\n      } else if (n<40) {\n        var out = 3;\n      } else if (n<60) {\n        var out = 2;\n      } else if (n<80) {\n        var out = 1;\n      } else {\n        var out = 0;\n      }\n      var vreligion = [\"Evangelical protestant\", \"Mainline protestant\", \"Catholic\", \"Jewish\", \"Muslim\", \"None\"];\n      return vreligion[out];\n    }\n    \n    \/\/ Use math.random to randomly select traits for each dimension for candidate A\n    traits_a = [(Math.floor(Math.random() * (75 - 35 + 1)) + 35).toString(),\n                vsex[Math.floor(Math.random()*vsex.length)],\n                getRace(),\n                getReligion(),\n                voccupation[Math.floor(Math.random()*voccupation.length)],\n                vparty[0],\n                vmilitary[Math.floor(Math.random()*vmilitary.length)],\n                veduc[Math.floor(Math.random()*veduc.length)],\n                vopinion[Math.floor(Math.random()*vopinion.length)],\n                vopinion[Math.floor(Math.random()*vopinion.length)],\n                vopinion[Math.floor(Math.random()*vopinion.length)],\n                vopinion[Math.floor(Math.random()*vopinion.length)],\n                vopinion[Math.floor(Math.random()*vopinion.length)] ];\n    \n    \/\/ Use math.random to randomly select traits for each dimension for candidate B\n    traits_b = [(Math.floor(Math.random() * (75 - 35 + 1)) + 35).toString(),\n                vsex[Math.floor(Math.random()*vsex.length)],\n                getRace(),\n                getReligion(),\n                voccupation[Math.floor(Math.random()*voccupation.length)],\n                vparty[1],\n                vmilitary[Math.floor(Math.random()*vmilitary.length)],\n                veduc[Math.floor(Math.random()*veduc.length)],\n                vopinion[Math.floor(Math.random()*vopinion.length)],\n                vopinion[Math.floor(Math.random()*vopinion.length)],\n                vopinion[Math.floor(Math.random()*vopinion.length)],\n                vopinion[Math.floor(Math.random()*vopinion.length)],\n                vopinion[Math.floor(Math.random()*vopinion.length)] ];\n    \n    \/\/ Create list of variables to use when setting attributes\n    a_list = [\"a1\",\"a2\",\"a3\",\"a4\",\"a5\",\"a6\",\"a7\",\"a8\",\"a9\",\"a10\",\"a11\",\"a12\",\"a13\"]; \n    b_list = [\"b1\",\"b2\",\"b3\",\"b4\",\"b5\",\"b6\",\"b7\",\"b8\",\"b9\",\"b10\",\"b11\",\"b12\",\"b13\"]; \n\n    \/\/ set html values in conjoint table\n    for(i=0;i<13;i++){\n        document.getElementById(a_list[i]).innerHTML = traits_a[i];\n        document.getElementById(b_list[i]).innerHTML = traits_b[i];\n    }\n    \n    \/\/ store values as embedded data fields   \n    Qualtrics.SurveyEngine.setEmbeddedData('traits4a', traits_a.join(\"|\"));\n    Qualtrics.SurveyEngine.setEmbeddedData('traits4b', traits_b.join(\"|\"));\n\n});","DefaultChoices":false,"DataExportTag":"profile4","QuestionID":"QID23","QuestionType":"MC","Selector":"SAHR","SubSelector":"TX","Configuration":{"QuestionDescriptionOption":"UseText","LabelPosition":"BELOW"},"QuestionDescription":"Candidate A Candidate B Age Sex Race Religion Occupation Party Military Service Education The can...","Choices":{"1":{"Display":"Candidate A"},"2":{"Display":"Candidate B"}},"ChoiceOrder":[1,2],"Validation":{"Settings":{"ForceResponse":"OFF","ForceResponseType":"ON","Type":"None"}},"GradingData":[],"Language":[],"DataVisibility":{"Private":false,"Hidden":false}}},{"SurveyID":"SV_bK32gmeI6olQBZr","Element":"SQ","PrimaryAttribute":"QID27","SecondaryAttribute":"Candidate A Candidate B Age Sex Race Religion Occupation Party Military Service Education The can...","TertiaryAttribute":null,"Payload":{"QuestionText":"<table style=\"width:90%; align:center; margin-left:auto; margin-right:auto; text-align:center; table-layout:fixed;\" cellspacing=\"4\" >\n    <tr>\n        <td style=\"font-weight:bold; font-size:1.25em; font-align:center;\">Candidate A<\/td>\n        <td><\/td>\n        <td style=\"font-weight:bold; font-size:1.25em; font-align:center;\">Candidate B<\/td>\n    <\/tr>\n    <tr>\n        <td id=\"a1\"><\/td>\n        <td style=\"font-weight:bold;\">Age<\/td>\n        <td id=\"b1\"><\/td>\n    <\/tr>\n    <tr>\n        <td id=\"a2\"><\/td>\n        <td style=\"font-weight:bold;\">Sex<\/td>\n        <td id=\"b2\"><\/td>\n    <\/tr>\n    <tr>\n        <td id=\"a3\"><\/td>\n        <td style=\"font-weight:bold;\">Race<\/td>\n        <td id=\"b3\"><\/td>\n    <\/tr>\n    <tr>\n        <td id=\"a4\"><\/td>\n        <td style=\"font-weight:bold;\">Religion<\/td>\n        <td id=\"b4\"><\/td>\n    <\/tr>\n    <tr>\n        <td id=\"a5\"><\/td>\n        <td style=\"font-weight:bold;\">Occupation<\/td>\n        <td id=\"b5\"><\/td>\n    <\/tr>\n    <tr>\n        <td id=\"a6\"><\/td>\n        <td style=\"font-weight:bold;\">Party<\/td>\n        <td id=\"b6\"><\/td>\n    <\/tr>\n    <tr>\n        <td id=\"a7\"><\/td>\n        <td style=\"font-weight:bold;\">Military Service<\/td>\n        <td id=\"b7\"><\/td>\n    <\/tr>\n    <tr>\n        <td id=\"a8\"><\/td>\n        <td style=\"font-weight:bold;\">Education<\/td>\n        <td id=\"b8\"><\/td>\n    <\/tr>\n    <tr>\n        <td><\/td>\n        <td style=\"font-style:italic; text-align:left;\">The candidates have reported opinions on the following issues:<\/td>\n        <td><\/td>\n    <\/tr>\n    <tr>\n        <td id=\"a9\" style=\"vertical-align:top;\"><\/td>\n        <td style=\"font-weight:bold; vertical-align:top;\">Ratification of the Trans-Pacific Partnership (TPP)<\/td>\n        <td id=\"b9\" style=\"vertical-align:top;\"><\/td>\n    <\/tr>\n    <tr>\n        <td id=\"a10\" style=\"vertical-align:top;\"><\/td>\n        <td style=\"font-weight:bold; vertical-align:top;\">Deploying ground troops to combat ISIS<\/td>\n        <td id=\"b10\" style=\"vertical-align:top;\"><\/td>\n    <\/tr>\n    <tr>\n        <td id=\"a11\" style=\"vertical-align:top;\"><\/td>\n        <td style=\"font-weight:bold; vertical-align:top;\">A carbon tax (\"cap and trade\") system for greenhouse gases<\/td>\n        <td id=\"b11\" style=\"vertical-align:top;\"><\/td>\n    <\/tr>\n    <tr>\n        <td id=\"a12\" style=\"vertical-align:top;\"><\/td>\n        <td style=\"font-weight:bold; vertical-align:top;\">Increased taxes on those making over $250,000<\/td>\n        <td id=\"b12\" style=\"vertical-align:top;\"><\/td>\n    <\/tr>\n    <tr>\n        <td id=\"a13\" style=\"vertical-align:top;\"><\/td>\n        <td style=\"font-weight:bold; vertical-align:top;\">Path to citizenship for illegal immigrants brought to US as children<\/td>\n        <td id=\"b13\" style=\"vertical-align:top;\"><\/td>\n    <\/tr>\n<\/table>\n<br \/>\n<span>\n    <p style=\"font-weight:bold;\">Which candidate do you prefer?<\/p>\n<\/span>","QuestionJS":"Qualtrics.SurveyEngine.addOnload(function()\n{\n\t!function(a,b){function c(c,j,k){var n=[];j=1==j?{entropy:!0}:j||{};var s=g(f(j.entropy?[c,i(a)]:null==c?h():c,3),n),t=new d(n),u=function(){for(var a=t.g(m),b=p,c=0;q>a;)a=(a+c)*l,b*=l,c=t.g(1);for(;a>=r;)a\/=2,b\/=2,c>>>=1;return(a+c)\/b};return u.int32=function(){return 0|t.g(4)},u.quick=function(){return t.g(4)\/4294967296},u[\"double\"]=u,g(i(t.S),a),(j.pass||k||function(a,c,d,f){return f&&(f.S&&e(f,t),a.state=function(){return e(t,{})}),d?(b[o]=a,c):a})(u,s,\"global\"in j?j.global:this==b,j.state)}function d(a){var b,c=a.length,d=this,e=0,f=d.i=d.j=0,g=d.S=[];for(c||(a=[c++]);l>e;)g[e]=e++;for(e=0;l>e;e++)g[e]=g[f=s&f+a[e%c]+(b=g[e])],g[f]=b;(d.g=function(a){for(var b,c=0,e=d.i,f=d.j,g=d.S;a--;)b=g[e=s&e+1],c=c*l+g[s&(g[e]=g[f=s&f+b])+(g[f]=b)];return d.i=e,d.j=f,c})(l)}function e(a,b){return b.i=a.i,b.j=a.j,b.S=a.S.slice(),b}function f(a,b){var c,d=[],e=typeof a;if(b&&\"object\"==e)for(c in a)try{d.push(f(a[c],b-1))}catch(g){}return d.length?d:\"string\"==e?a:a+\"\\0\"}function g(a,b){for(var c,d=a+\"\",e=0;e<d.length;)b[s&e]=s&(c^=19*b[s&e])+d.charCodeAt(e++);return i(b)}function h(){try{if(j)return i(j.randomBytes(l));var b=new Uint8Array(l);return(k.crypto||k.msCrypto).getRandomValues(b),i(b)}catch(c){var d=k.navigator,e=d&&d.plugins;return[+new Date,k,e,k.screen,i(a)]}}function i(a){return String.fromCharCode.apply(0,a)}var j,k=this,l=256,m=6,n=52,o=\"random\",p=b.pow(l,m),q=b.pow(2,n),r=2*q,s=l-1;if(b[\"seed\"+o]=c,g(b.random(),a),\"object\"==typeof module&&module.exports){module.exports=c;try{j=require(\"crypto\")}catch(t){}}else\"function\"==typeof define&&define.amd&&define(function(){return c})}([],Math);\n    \n    \/\/ seed random number generator from embedded data fields\n    \/\/ conjoint profile 5\n    Math.seedrandom('${e:\/\/Field\/seed5}');\n    \n    \/\/ Create Variables for Traits associated with each dimension.\n    var vsex = [\"Male\", \"Female\"];\n    var voccupation = [\"State Governor\", \"U.S. Senator\", \"Member of Congress\", \"CEO\"];\n    if (Math.random() >= 0.5) {\n        var vparty = [\"Republican\", \"Democrat\"];\n    } else {\n        var vparty = [\"Democrat\", \"Republican\"];\n    }\n    var vmilitary = [\"Served\", \"Did not serve\"];\n    var veduc = [\"Community college\", \"State university\", \"Small college\", \"Ivy League university\"];\n    var vopinion = [\"Strongly oppose\", \"Moderately oppose\", \"Slightly oppose\", \"Neither Support Nor Oppose\", \"Slightly support\", \"Moderately support\", \"Strongly support\"];\n    \n    \/\/ Functions for setting race and religion approximately proportionately\n    function getRace(){\n      \/\/ 60% non-hispanic white; 15% black; 15% hispanic; 10% asian\n      var n = Math.floor(Math.random()*100);\n      if (n<10) {\n        var out = 3;\n      } else if (n <25) {\n        var out = 2;\n      } else if (n<40) {\n        var out = 1;\n      } else {\n        var out = 0;\n      }\n      var vrace = [\"White\", \"African American\", \"Hispanic\", \"Asian American\"];\n      return vrace[out];\n    }\n    function getReligion(){\n      \/\/ 20% evangelical; 20% mainline; 20% catholic; 10% jewish; 10% muslim; 20% none\n      var n = Math.floor(Math.random()*100);\n      if (n<20) {\n        var out = 5;\n      } else if (n<30) {\n        var out = 4;\n      } else if (n<40) {\n        var out = 3;\n      } else if (n<60) {\n        var out = 2;\n      } else if (n<80) {\n        var out = 1;\n      } else {\n        var out = 0;\n      }\n      var vreligion = [\"Evangelical protestant\", \"Mainline protestant\", \"Catholic\", \"Jewish\", \"Muslim\", \"None\"];\n      return vreligion[out];\n    }\n    \n    \/\/ Use math.random to randomly select traits for each dimension for candidate A\n    traits_a = [(Math.floor(Math.random() * (75 - 35 + 1)) + 35).toString(),\n                vsex[Math.floor(Math.random()*vsex.length)],\n                getRace(),\n                getReligion(),\n                voccupation[Math.floor(Math.random()*voccupation.length)],\n                vparty[0],\n                vmilitary[Math.floor(Math.random()*vmilitary.length)],\n                veduc[Math.floor(Math.random()*veduc.length)],\n                vopinion[Math.floor(Math.random()*vopinion.length)],\n                vopinion[Math.floor(Math.random()*vopinion.length)],\n                vopinion[Math.floor(Math.random()*vopinion.length)],\n                vopinion[Math.floor(Math.random()*vopinion.length)],\n                vopinion[Math.floor(Math.random()*vopinion.length)] ];\n    \n    \/\/ Use math.random to randomly select traits for each dimension for candidate B\n    traits_b = [(Math.floor(Math.random() * (75 - 35 + 1)) + 35).toString(),\n                vsex[Math.floor(Math.random()*vsex.length)],\n                getRace(),\n                getReligion(),\n                voccupation[Math.floor(Math.random()*voccupation.length)],\n                vparty[1],\n                vmilitary[Math.floor(Math.random()*vmilitary.length)],\n                veduc[Math.floor(Math.random()*veduc.length)],\n                vopinion[Math.floor(Math.random()*vopinion.length)],\n                vopinion[Math.floor(Math.random()*vopinion.length)],\n                vopinion[Math.floor(Math.random()*vopinion.length)],\n                vopinion[Math.floor(Math.random()*vopinion.length)],\n                vopinion[Math.floor(Math.random()*vopinion.length)] ];\n    \n    \/\/ Create list of variables to use when setting attributes\n    a_list = [\"a1\",\"a2\",\"a3\",\"a4\",\"a5\",\"a6\",\"a7\",\"a8\",\"a9\",\"a10\",\"a11\",\"a12\",\"a13\"]; \n    b_list = [\"b1\",\"b2\",\"b3\",\"b4\",\"b5\",\"b6\",\"b7\",\"b8\",\"b9\",\"b10\",\"b11\",\"b12\",\"b13\"]; \n\n    \/\/ set html values in conjoint table\n    for(i=0;i<13;i++){\n        document.getElementById(a_list[i]).innerHTML = traits_a[i];\n        document.getElementById(b_list[i]).innerHTML = traits_b[i];\n    }\n    \n    \/\/ store values as embedded data fields\n    Qualtrics.SurveyEngine.setEmbeddedData('traits5a', traits_a.join(\"|\"));\n    Qualtrics.SurveyEngine.setEmbeddedData('traits5b', traits_b.join(\"|\"));\n});","DefaultChoices":false,"DataExportTag":"profile5","QuestionID":"QID27","QuestionType":"MC","Selector":"SAHR","SubSelector":"TX","Configuration":{"QuestionDescriptionOption":"UseText","LabelPosition":"BELOW"},"QuestionDescription":"Candidate A Candidate B Age Sex Race Religion Occupation Party Military Service Education The can...","Choices":{"1":{"Display":"Candidate A"},"2":{"Display":"Candidate B"}},"ChoiceOrder":[1,2],"Validation":{"Settings":{"ForceResponse":"OFF","ForceResponseType":"ON","Type":"None"}},"GradingData":[],"Language":[],"DataVisibility":{"Private":false,"Hidden":false}}},{"SurveyID":"SV_bK32gmeI6olQBZr","Element":"RS","PrimaryAttribute":"RS_5pEwQHMMUjDrnJH","SecondaryAttribute":"Default Response Set","TertiaryAttribute":null,"Payload":null},{"SurveyID":"SV_bK32gmeI6olQBZr","Element":"SQ","PrimaryAttribute":"QID14","SecondaryAttribute":"Do you understand these instructions?","TertiaryAttribute":null,"Payload":{"QuestionText":"Do you understand these instructions?","DataExportTag":"understand","QuestionType":"MC","Selector":"SAVR","SubSelector":"TX","Configuration":{"QuestionDescriptionOption":"UseText"},"QuestionDescription":"Do you understand these instructions?","Choices":{"1":{"Display":"Yes"},"2":{"Display":"No"}},"ChoiceOrder":[1,2],"Validation":{"Settings":{"ForceResponse":"ON","ForceResponseType":"ON","Type":"CustomValidation","CustomValidation":{"Logic":{"0":{"0":{"QuestionID":"QID14","QuestionIsInLoop":"no","ChoiceLocator":"q:\/\/QID14\/SelectableChoice\/1","Operator":"Selected","QuestionIDFromLocator":"QID14","LeftOperand":"q:\/\/QID14\/SelectableChoice\/1","Type":"Expression","LogicType":"Question","Description":"<span class=\"ConjDesc\">If<\/span> <span class=\"QuestionDesc\">Do you understand these instructions?<\/span> <span class=\"LeftOpDesc\">Yes<\/span> <span class=\"OpDesc\">Is Selected<\/span> "},"Type":"If"},"Type":"BooleanExpression"},"Message":{"messageID":"MS_3IezuVqBVJOcXnD","subMessageID":"VE_CUSTOM_VALIDATION_0","libraryID":"UR_5hjGfqWismddC0l","description":"Accept instructions"}}}},"Language":[],"QuestionID":"QID14"}},{"SurveyID":"SV_bK32gmeI6olQBZr","Element":"SQ","PrimaryAttribute":"QID6","SecondaryAttribute":"In today's survey you will be asked to read some information about different candidates running f...","TertiaryAttribute":null,"Payload":{"QuestionText":"In today's survey you will be asked to read some information about different candidates running for the office of President of the United States. You will be shown several pairs of candidates. For each pair, we will ask you to indicate which candidate you prefer. We will also ask you to rate the candidates on a 0-100 scale known as a \"feeling thermometer.\" You will be shown five (5) pairs of candidates.<div><br><\/div><div>The next page shows an example pairing.<\/div>","DefaultChoices":false,"DataExportTag":"intro","QuestionType":"DB","Selector":"TB","Configuration":{"QuestionDescriptionOption":"UseText"},"QuestionDescription":"In today's survey you will be asked to read some information about different candidates running f...","ChoiceOrder":[],"Validation":{"Settings":{"Type":"None"}},"GradingData":[],"Language":[],"QuestionID":"QID6"}},{"SurveyID":"SV_bK32gmeI6olQBZr","Element":"SQ","PrimaryAttribute":"QID5","SecondaryAttribute":"Please rate how you feel about each candidate on a feeling thermometer using a scale of 0 to 100....","TertiaryAttribute":null,"Payload":{"QuestionText":"Please rate how you feel about\neach candidate on a feeling thermometer\nusing a scale of 0 to 100. The higher\nthe number (closer to 100), the more\nfavorable you feel toward that person,\nthe lower the number (closer to 0), the less favorable you feel.","DefaultChoices":{"1":{"Value":"50"},"2":{"Value":"50"}},"DataExportTag":"therm1","QuestionType":"Slider","Selector":"HSLIDER","Configuration":{"QuestionDescriptionOption":"UseText","CSSliderMin":0,"CSSliderMax":100,"GridLines":10,"SnapToGrid":false,"NumDecimals":"0","ShowValue":true,"CustomStart":true,"NotApplicable":false,"MobileFirst":true,"SliderStartPositions":{"1":0.5,"2":0.5}},"QuestionDescription":"Please rate how you feel about each candidate on a feeling thermometer using a scale of 0 to 100....","Choices":{"1":{"Display":"Candidate A"},"2":{"Display":"Candidate B"}},"ChoiceOrder":[1,2],"Validation":{"Settings":{"ForceResponse":"OFF","ForceResponseType":"ON","Type":"None"}},"GradingData":[],"Language":[],"Labels":[],"QuestionID":"QID5"}},{"SurveyID":"SV_bK32gmeI6olQBZr","Element":"SQ","PrimaryAttribute":"QID17","SecondaryAttribute":"Please rate how you feel about each candidate on a feeling thermometer using a scale of 0 to 100....","TertiaryAttribute":null,"Payload":{"QuestionText":"Please rate how you feel about\neach candidate on a feeling thermometer\nusing a scale of 0 to 100. The higher\nthe number (closer to 100), the more\nfavorable you feel toward that person,\nthe lower the number (closer to 0), the less favorable you feel.","DefaultChoices":{"1":{"Value":"50"},"2":{"Value":"50"}},"QuestionType":"Slider","Selector":"HSLIDER","Configuration":{"QuestionDescriptionOption":"UseText","CSSliderMin":0,"CSSliderMax":100,"GridLines":10,"SnapToGrid":false,"NumDecimals":"0","ShowValue":true,"CustomStart":true,"NotApplicable":false,"MobileFirst":true,"SliderStartPositions":{"1":0.5,"2":0.5}},"QuestionDescription":"Please rate how you feel about each candidate on a feeling thermometer using a scale of 0 to 100....","Choices":{"1":{"Display":"Candidate A"},"2":{"Display":"Candidate B"}},"ChoiceOrder":[1,2],"Validation":{"Settings":{"ForceResponse":"OFF","ForceResponseType":"ON","Type":"None"}},"GradingData":[],"Language":[],"Labels":[],"QuestionText_Unsafe":"Please rate how you feel about\neach candidate on a feeling thermometer\nusing a scale of 0 to 100. The higher\nthe number (closer to 100), the more\nfavorable you feel toward that person,\nthe lower the number (closer to 0), the less favorable you feel.","DataExportTag":"therm2","QuestionID":"QID17"}},{"SurveyID":"SV_bK32gmeI6olQBZr","Element":"SQ","PrimaryAttribute":"QID21","SecondaryAttribute":"Please rate how you feel about each candidate on a feeling thermometer using a scale of 0 to 100....","TertiaryAttribute":null,"Payload":{"QuestionText":"Please rate how you feel about\neach candidate on a feeling thermometer\nusing a scale of 0 to 100. The higher\nthe number (closer to 100), the more\nfavorable you feel toward that person,\nthe lower the number (closer to 0), the less favorable you feel.","DefaultChoices":{"1":{"Value":"50"},"2":{"Value":"50"}},"QuestionType":"Slider","Selector":"HSLIDER","Configuration":{"QuestionDescriptionOption":"UseText","CSSliderMin":0,"CSSliderMax":100,"GridLines":10,"SnapToGrid":false,"NumDecimals":"0","ShowValue":true,"CustomStart":true,"NotApplicable":false,"MobileFirst":true,"SliderStartPositions":{"1":0.5,"2":0.5}},"QuestionDescription":"Please rate how you feel about each candidate on a feeling thermometer using a scale of 0 to 100....","Choices":{"1":{"Display":"Candidate A"},"2":{"Display":"Candidate B"}},"ChoiceOrder":[1,2],"Validation":{"Settings":{"ForceResponse":"OFF","ForceResponseType":"ON","Type":"None"}},"GradingData":[],"Language":[],"Labels":[],"QuestionText_Unsafe":"Please rate how you feel about\neach candidate on a feeling thermometer\nusing a scale of 0 to 100. The higher\nthe number (closer to 100), the more\nfavorable you feel toward that person,\nthe lower the number (closer to 0), the less favorable you feel.","DataExportTag":"therm3","QuestionID":"QID21"}},{"SurveyID":"SV_bK32gmeI6olQBZr","Element":"SQ","PrimaryAttribute":"QID25","SecondaryAttribute":"Please rate how you feel about each candidate on a feeling thermometer using a scale of 0 to 100....","TertiaryAttribute":null,"Payload":{"QuestionText":"Please rate how you feel about\neach candidate on a feeling thermometer\nusing a scale of 0 to 100. The higher\nthe number (closer to 100), the more\nfavorable you feel toward that person,\nthe lower the number (closer to 0), the less favorable you feel.","DefaultChoices":{"1":{"Value":"50"},"2":{"Value":"50"}},"QuestionType":"Slider","Selector":"HSLIDER","Configuration":{"QuestionDescriptionOption":"UseText","CSSliderMin":0,"CSSliderMax":100,"GridLines":10,"SnapToGrid":false,"NumDecimals":"0","ShowValue":true,"CustomStart":true,"NotApplicable":false,"MobileFirst":true,"SliderStartPositions":{"1":0.5,"2":0.5}},"QuestionDescription":"Please rate how you feel about each candidate on a feeling thermometer using a scale of 0 to 100....","Choices":{"1":{"Display":"Candidate A"},"2":{"Display":"Candidate B"}},"ChoiceOrder":[1,2],"Validation":{"Settings":{"ForceResponse":"OFF","ForceResponseType":"ON","Type":"None"}},"GradingData":[],"Language":[],"Labels":[],"QuestionText_Unsafe":"Please rate how you feel about\neach candidate on a feeling thermometer\nusing a scale of 0 to 100. The higher\nthe number (closer to 100), the more\nfavorable you feel toward that person,\nthe lower the number (closer to 0), the less favorable you feel.","DataExportTag":"therm4","QuestionID":"QID25"}},{"SurveyID":"SV_bK32gmeI6olQBZr","Element":"SQ","PrimaryAttribute":"QID29","SecondaryAttribute":"Please rate how you feel about each candidate on a feeling thermometer using a scale of 0 to 100....","TertiaryAttribute":null,"Payload":{"QuestionText":"Please rate how you feel about\neach candidate on a feeling thermometer\nusing a scale of 0 to 100. The higher\nthe number (closer to 100), the more\nfavorable you feel toward that person,\nthe lower the number (closer to 0), the less favorable you feel.","DefaultChoices":{"1":{"Value":"50"},"2":{"Value":"50"}},"QuestionType":"Slider","Selector":"HSLIDER","Configuration":{"QuestionDescriptionOption":"UseText","CSSliderMin":0,"CSSliderMax":100,"GridLines":10,"SnapToGrid":false,"NumDecimals":"0","ShowValue":true,"CustomStart":true,"NotApplicable":false,"MobileFirst":true,"SliderStartPositions":{"1":0.5,"2":0.5}},"QuestionDescription":"Please rate how you feel about each candidate on a feeling thermometer using a scale of 0 to 100....","Choices":{"1":{"Display":"Candidate A"},"2":{"Display":"Candidate B"}},"ChoiceOrder":[1,2],"Validation":{"Settings":{"ForceResponse":"OFF","ForceResponseType":"ON","Type":"None"}},"GradingData":[],"Language":[],"Labels":[],"QuestionText_Unsafe":"Please rate how you feel about\neach candidate on a feeling thermometer\nusing a scale of 0 to 100. The higher\nthe number (closer to 100), the more\nfavorable you feel toward that person,\nthe lower the number (closer to 0), the less favorable you feel.","DataExportTag":"therm5","QuestionID":"QID29"}},{"SurveyID":"SV_bK32gmeI6olQBZr","Element":"SQ","PrimaryAttribute":"QID8","SecondaryAttribute":"Thank you for your participation. Please select the \"Next\" button to submit your survey.","TertiaryAttribute":null,"Payload":{"QuestionText":"<span lang=\"EN-US\" style=\"font-size:11.0pt;line-height:\n115%;font-family:&quot;Arial&quot;,sans-serif;mso-ascii-theme-font:minor-latin;\nmso-fareast-font-family:&quot;Times New Roman&quot;;mso-fareast-theme-font:minor-fareast;\nmso-hansi-theme-font:minor-latin;mso-bidi-font-family:&quot;Times New Roman&quot;;\nmso-bidi-theme-font:minor-bidi;mso-ansi-language:EN-US;mso-fareast-language:\nEN-US;mso-bidi-language:AR-SA\">Thank you for your participation. Please select\nthe \"Next\" button to submit your survey.<\/span>","DefaultChoices":false,"DataExportTag":"end","QuestionType":"DB","Selector":"TB","Configuration":{"QuestionDescriptionOption":"UseText"},"QuestionDescription":"Thank you for your participation. Please select the \"Next\" button to submit your survey.","ChoiceOrder":[],"Validation":{"Settings":{"Type":"None"}},"GradingData":[],"Language":[],"QuestionID":"QID8"}},{"SurveyID":"SV_bK32gmeI6olQBZr","Element":"SQ","PrimaryAttribute":"QID7","SecondaryAttribute":"This is an example pair of candidates. Please read the descriptions of the candidates. On the nex...","TertiaryAttribute":null,"Payload":{"QuestionText":"<span>\n    <p style=\"font-weight:bold;\">This is an example pair of candidates. Please read the descriptions of the candidates. On the next few pages you will be asked to read profiles like this and answer some questions about the candidates.<\/p>\n<\/span>\n<br \/>\n<table style=\"width:90%; align:center; margin-left:auto; margin-right:auto; text-align:center; table-layout:fixed;\" cellspacing=\"4\">\n    <tbody><tr>\n        <td style=\"font-weight:bold; font-size:1.25em; font-align:center;\">Candidate A<\/td>\n        <td><\/td>\n        <td style=\"font-weight:bold; font-size:1.25em; font-align:center;\">Candidate B<\/td>\n    <\/tr>\n    <tr>\n        <td id=\"a1\">68<\/td>\n        <td style=\"font-weight:bold;\">Age<\/td>\n        <td id=\"b1\">45<\/td>\n    <\/tr>\n    <tr>\n        <td id=\"a2\">Female<\/td>\n        <td style=\"font-weight:bold;\">Sex<\/td>\n        <td id=\"b2\">Male<\/td>\n    <\/tr>\n    <tr>\n        <td id=\"a3\">African American<\/td>\n        <td style=\"font-weight:bold;\">Race<\/td>\n        <td id=\"b3\">Asian American<\/td>\n    <\/tr>\n    <tr>\n        <td id=\"a4\">None<\/td>\n        <td style=\"font-weight:bold;\">Religion<\/td>\n        <td id=\"b4\">Evangelical protestant<\/td>\n    <\/tr>\n    <tr>\n        <td id=\"a5\">State Governor<\/td>\n        <td style=\"font-weight:bold;\">Occupation<\/td>\n        <td id=\"b5\">Member of Congress<\/td>\n    <\/tr>\n    <tr>\n        <td id=\"a6\">Democrat<\/td>\n        <td style=\"font-weight:bold;\">Party<\/td>\n        <td id=\"b6\">Democrat<\/td>\n    <\/tr>\n    <tr>\n        <td id=\"a7\">Did not serve<\/td>\n        <td style=\"font-weight:bold;\">Military Service<\/td>\n        <td id=\"b7\">Served<\/td>\n    <\/tr>\n    <tr>\n        <td id=\"a8\">Community college<\/td>\n        <td style=\"font-weight:bold;\">Education<\/td>\n        <td id=\"b8\">Ivy League university<\/td>\n    <\/tr>\n    <tr>\n        <td><\/td>\n        <td style=\"font-style:italic; text-align:left;\">The candidates have reported opinions on the following issues:<\/td>\n        <td><\/td>\n    <\/tr>\n    <tr>\n        <td id=\"a9\" style=\"vertical-align:top;\">Strongly oppose<\/td>\n        <td style=\"font-weight:bold; vertical-align:top;\">Ratification of the Trans-Pacific Partnership (TPP)<\/td>\n        <td id=\"b9\" style=\"vertical-align:top;\">Strongly support<\/td>\n    <\/tr>\n    <tr>\n        <td id=\"a10\" style=\"vertical-align:top;\">Slightly support<\/td>\n        <td style=\"font-weight:bold; vertical-align:top;\">Deploying ground troops to combat ISIS<\/td>\n        <td id=\"b10\" style=\"vertical-align:top;\">Strongly oppose<\/td>\n    <\/tr>\n    <tr>\n        <td id=\"a11\" style=\"vertical-align:top;\">Slightly support<\/td>\n        <td style=\"font-weight:bold; vertical-align:top;\">A carbon tax (\"cap and trade\") system for greenhouse gases<\/td>\n        <td id=\"b11\" style=\"vertical-align:top;\">Slightly oppose<\/td>\n    <\/tr>\n    <tr>\n        <td id=\"a12\" style=\"vertical-align:top;\">Slightly support<\/td>\n        <td style=\"font-weight:bold; vertical-align:top;\">Increased taxes on those making over $250,000<\/td>\n        <td id=\"b12\" style=\"vertical-align:top;\">Slightly support<\/td>\n    <\/tr>\n    <tr>\n        <td id=\"a13\" style=\"vertical-align:top;\">Strongly oppose<\/td>\n        <td style=\"font-weight:bold; vertical-align:top;\">Path to citizenship for illegal immigrants brought to US as children<\/td>\n        <td id=\"b13\" style=\"vertical-align:top;\">Strongly support<\/td>\n    <\/tr>\n<\/tbody><\/table>\n<br \/>\n<span>\n    <p style=\"font-weight:bold;\">After reading each pair of profiles, you will be asked to indicate which candidate you would prefer to vote for to be President of the United States were you deciding between only these two candidates.<\/p>\n<\/span>","DefaultChoices":false,"DataExportTag":"example","QuestionID":"QID7","QuestionType":"MC","Selector":"SAHR","SubSelector":"TX","Configuration":{"QuestionDescriptionOption":"UseText","LabelPosition":"BELOW"},"QuestionDescription":"This is an example pair of candidates. Please read the descriptions of the candidates. On the nex...","Choices":{"1":{"Display":"Candidate A"},"2":{"Display":"Candidate B"}},"ChoiceOrder":[1,2],"Validation":{"Settings":{"ForceResponse":"OFF","ForceResponseType":"ON","Type":"None"}},"GradingData":[],"Language":[]}},{"SurveyID":"SV_bK32gmeI6olQBZr","Element":"SQ","PrimaryAttribute":"QID4","SecondaryAttribute":"Timing","TertiaryAttribute":null,"Payload":{"QuestionText":"Timing","DefaultChoices":false,"DataExportTag":"tprof1","QuestionType":"Timing","Selector":"PageTimer","Configuration":{"QuestionDescriptionOption":"UseText","MinSeconds":"0","MaxSeconds":"0"},"QuestionDescription":"Timing","Choices":{"1":{"Display":"First Click"},"2":{"Display":"Last Click"},"3":{"Display":"Page Submit"},"4":{"Display":"Click Count"}},"GradingData":[],"Language":[],"QuestionID":"QID4"}},{"SurveyID":"SV_bK32gmeI6olQBZr","Element":"SQ","PrimaryAttribute":"QID9","SecondaryAttribute":"Timing","TertiaryAttribute":null,"Payload":{"QuestionText":"Timing","DefaultChoices":false,"DataExportTag":"tintro","QuestionType":"Timing","Selector":"PageTimer","Configuration":{"QuestionDescriptionOption":"UseText","MinSeconds":"0","MaxSeconds":"0"},"QuestionDescription":"Timing","Choices":{"1":{"Display":"First Click"},"2":{"Display":"Last Click"},"3":{"Display":"Page Submit"},"4":{"Display":"Click Count"}},"GradingData":[],"Language":[],"QuestionID":"QID9"}},{"SurveyID":"SV_bK32gmeI6olQBZr","Element":"SQ","PrimaryAttribute":"QID11","SecondaryAttribute":"Timing","TertiaryAttribute":null,"Payload":{"QuestionText":"Timing","DefaultChoices":false,"DataExportTag":"texample","QuestionType":"Timing","Selector":"PageTimer","Configuration":{"QuestionDescriptionOption":"UseText","MinSeconds":"0","MaxSeconds":"0"},"QuestionDescription":"Timing","Choices":{"1":{"Display":"First Click"},"2":{"Display":"Last Click"},"3":{"Display":"Page Submit"},"4":{"Display":"Click Count"}},"GradingData":[],"Language":[],"QuestionID":"QID11"}},{"SurveyID":"SV_bK32gmeI6olQBZr","Element":"SQ","PrimaryAttribute":"QID13","SecondaryAttribute":"Timing","TertiaryAttribute":null,"Payload":{"QuestionText":"Timing","DefaultChoices":false,"DataExportTag":"tconsent","QuestionType":"Timing","Selector":"PageTimer","Configuration":{"QuestionDescriptionOption":"UseText","MinSeconds":"0","MaxSeconds":"0"},"QuestionDescription":"Timing","Choices":{"1":{"Display":"First Click"},"2":{"Display":"Last Click"},"3":{"Display":"Page Submit"},"4":{"Display":"Click Count"}},"GradingData":[],"Language":[],"QuestionID":"QID13"}},{"SurveyID":"SV_bK32gmeI6olQBZr","Element":"SQ","PrimaryAttribute":"QID18","SecondaryAttribute":"Timing","TertiaryAttribute":null,"Payload":{"QuestionText":"Timing","DefaultChoices":false,"QuestionType":"Timing","Selector":"PageTimer","Configuration":{"QuestionDescriptionOption":"UseText","MinSeconds":"0","MaxSeconds":"0"},"QuestionDescription":"Timing","Choices":{"1":{"Display":"First Click"},"2":{"Display":"Last Click"},"3":{"Display":"Page Submit"},"4":{"Display":"Click Count"}},"GradingData":[],"Language":[],"QuestionText_Unsafe":"Timing","DataExportTag":"tprof2","QuestionID":"QID18"}},{"SurveyID":"SV_bK32gmeI6olQBZr","Element":"SQ","PrimaryAttribute":"QID22","SecondaryAttribute":"Timing","TertiaryAttribute":null,"Payload":{"QuestionText":"Timing","DefaultChoices":false,"QuestionType":"Timing","Selector":"PageTimer","Configuration":{"QuestionDescriptionOption":"UseText","MinSeconds":"0","MaxSeconds":"0"},"QuestionDescription":"Timing","Choices":{"1":{"Display":"First Click"},"2":{"Display":"Last Click"},"3":{"Display":"Page Submit"},"4":{"Display":"Click Count"}},"GradingData":[],"Language":[],"QuestionText_Unsafe":"Timing","DataExportTag":"tprof3","QuestionID":"QID22"}},{"SurveyID":"SV_bK32gmeI6olQBZr","Element":"SQ","PrimaryAttribute":"QID26","SecondaryAttribute":"Timing","TertiaryAttribute":null,"Payload":{"QuestionText":"Timing","DefaultChoices":false,"QuestionType":"Timing","Selector":"PageTimer","Configuration":{"QuestionDescriptionOption":"UseText","MinSeconds":"0","MaxSeconds":"0"},"QuestionDescription":"Timing","Choices":{"1":{"Display":"First Click"},"2":{"Display":"Last Click"},"3":{"Display":"Page Submit"},"4":{"Display":"Click Count"}},"GradingData":[],"Language":[],"QuestionText_Unsafe":"Timing","DataExportTag":"tprof4","QuestionID":"QID26"}},{"SurveyID":"SV_bK32gmeI6olQBZr","Element":"SQ","PrimaryAttribute":"QID30","SecondaryAttribute":"Timing","TertiaryAttribute":null,"Payload":{"QuestionText":"Timing","DefaultChoices":false,"QuestionType":"Timing","Selector":"PageTimer","Configuration":{"QuestionDescriptionOption":"UseText","MinSeconds":"0","MaxSeconds":"0"},"QuestionDescription":"Timing","Choices":{"1":{"Display":"First Click"},"2":{"Display":"Last Click"},"3":{"Display":"Page Submit"},"4":{"Display":"Click Count"}},"GradingData":[],"Language":[],"QuestionText_Unsafe":"Timing","DataExportTag":"tprof5","QuestionID":"QID30"}},{"SurveyID":"SV_bK32gmeI6olQBZr","Element":"SQ","PrimaryAttribute":"QID12","SecondaryAttribute":"We are conducting a research study to understand people\u2019s attitudes about current social and poli.","TertiaryAttribute":null,"Payload":{"QuestionText":"<div><span style=\"font-size: 14.6667px;\">We are conducting a research study to understand people\u2019s attitudes about current social and political issues. You must be 18 years old or older to participate. The survey is anonymous. This survey is being hosted by Qualtrics and involves a secure connection. Terms of Service, addressing confidentiality, may be viewed at http:\/\/qualtrics.com\/security-statement\/. The answers you provide to this study are completely confidential. The results of your responses will be stored on a computer, but will not contain any information that will allow for the identification of a participant. Persons other than the investigators might view your study records, but your answers are completely anonymous.<\/span><\/div><div><span style=\"font-size: 14.6667px;\"><br><\/span><\/div><div><span style=\"font-size: 14.6667px;\">If you wish to participate, please select the \"Accept\" button below to begin the survey.\u202f\u202fIf you do not wish to participate in this study, please select the \"Decline\" button, and your session will end.<\/span><\/div>","DefaultChoices":false,"DataExportTag":"consent","QuestionType":"MC","Selector":"SAVR","SubSelector":"TX","Configuration":{"QuestionDescriptionOption":"UseText"},"QuestionDescription":"We are conducting a research study to understand people\u2019s attitudes about current social and poli...","Choices":{"1":{"Display":"Accept"},"2":{"Display":"Decline"}},"ChoiceOrder":[1,2],"Validation":{"Settings":{"ForceResponse":"ON","ForceResponseType":"ON","Type":"None"}},"GradingData":[],"Language":[],"QuestionID":"QID12","DataVisibility":{"Private":false,"Hidden":false}}},{"SurveyID":"SV_bK32gmeI6olQBZr","Element":"SQ","PrimaryAttribute":"QID31","SecondaryAttribute":"You will then be asked to rate how you feel about each candidate on a feeling thermometer using a...","TertiaryAttribute":null,"Payload":{"QuestionText":"You will then be asked to rate how you feel about\neach candidate on a feeling thermometer\nusing a scale of 0 to 100. The higher\nthe number (closer to 100), the more\nfavorable you feel toward that person,\nthe lower the number (closer to 0), the less favorable you feel.","DefaultChoices":{"1":{"Value":"50"},"2":{"Value":"50"}},"DataExportTag":"exthermm","QuestionType":"Slider","Selector":"HSLIDER","Configuration":{"QuestionDescriptionOption":"UseText","CSSliderMin":0,"CSSliderMax":100,"GridLines":10,"SnapToGrid":false,"NumDecimals":"0","ShowValue":true,"CustomStart":true,"SliderStartPositions":{"1":0.5,"2":0.5},"NotApplicable":false,"MobileFirst":true},"QuestionDescription":"You will then be asked to rate how you feel about each candidate on a feeling thermometer using a...","Choices":{"1":{"Display":"Candidate A"},"2":{"Display":"Candidate B"}},"ChoiceOrder":[1,2],"Validation":{"Settings":{"ForceResponse":"OFF","ForceResponseType":"ON","Type":"None"}},"GradingData":[],"Language":[],"Labels":[],"QuestionID":"QID31"}}]}